{
  "version": 4,
  "terraform_version": "1.1.9",
  "serial": 26,
  "lineage": "39d0be50-26a4-49f1-c361-a4e954d4514e",
  "outputs": {
    "kubernetes_cluster_host": {
      "value": "34.89.52.196",
      "type": "string"
    },
    "kubernetes_cluster_name": {
      "value": "ronan-gke",
      "type": "string"
    },
    "project_id": {
      "value": "onprem-play",
      "type": "string"
    },
    "region": {
      "value": "europe-west2",
      "type": "string"
    }
  },
  "resources": [
    {
      "mode": "managed",
      "type": "google_compute_address",
      "name": "external_ip",
      "provider": "provider[\"registry.terraform.io/hashicorp/google\"]",
      "instances": [
        {
          "schema_version": 0,
          "attributes": {
            "address": "35.246.96.248",
            "address_type": "EXTERNAL",
            "creation_timestamp": "2022-05-10T06:53:30.032-07:00",
            "description": "",
            "id": "projects/onprem-play/regions/europe-west2/addresses/ronan-gke",
            "name": "ronan-gke",
            "network": "",
            "network_tier": "PREMIUM",
            "prefix_length": 0,
            "project": "onprem-play",
            "purpose": "",
            "region": "europe-west2",
            "self_link": "https://www.googleapis.com/compute/v1/projects/onprem-play/regions/europe-west2/addresses/ronan-gke",
            "subnetwork": "",
            "timeouts": null,
            "users": [
              "https://www.googleapis.com/compute/v1/projects/onprem-play/regions/europe-west2/forwardingRules/ab6dd3c646de2441095139ed0941be89"
            ]
          },
          "sensitive_attributes": [],
          "private": "eyJlMmJmYjczMC1lY2FhLTExZTYtOGY4OC0zNDM2M2JjN2M0YzAiOnsiY3JlYXRlIjoxMjAwMDAwMDAwMDAwLCJkZWxldGUiOjEyMDAwMDAwMDAwMDB9fQ=="
        }
      ]
    },
    {
      "mode": "managed",
      "type": "google_compute_firewall",
      "name": "firewall_rules",
      "provider": "provider[\"registry.terraform.io/hashicorp/google\"]",
      "instances": [
        {
          "schema_version": 1,
          "attributes": {
            "allow": [
              {
                "ports": [],
                "protocol": "all"
              }
            ],
            "creation_timestamp": "2022-05-10T06:53:29.787-07:00",
            "deny": [],
            "description": "",
            "destination_ranges": [],
            "direction": "INGRESS",
            "disabled": false,
            "enable_logging": null,
            "id": "projects/onprem-play/global/firewalls/k8s-firewall-rules",
            "log_config": [],
            "name": "k8s-firewall-rules",
            "network": "https://www.googleapis.com/compute/v1/projects/onprem-play/global/networks/ronan-vpc",
            "priority": 1000,
            "project": "onprem-play",
            "self_link": "https://www.googleapis.com/compute/v1/projects/onprem-play/global/firewalls/k8s-firewall-rules",
            "source_ranges": [
              "10.12.0.0/14",
              "10.76.0.0/20",
              "125.19.67.142/32",
              "192.195.83.11/32",
              "207.242.51.98/32",
              "34.105.84.218/32",
              "34.105.89.11/32",
              "34.93.204.95/32",
              "35.197.25.142/32",
              "35.199.180.244/32",
              "35.203.167.5/32",
              "35.212.161.151/32",
              "35.233.145.199/32",
              "35.233.182.198/32",
              "65.115.92.26/32"
            ],
            "source_service_accounts": [],
            "source_tags": [],
            "target_service_accounts": [],
            "target_tags": [
              "gke-node",
              "ronan-gke"
            ],
            "timeouts": null
          },
          "sensitive_attributes": [],
          "private": "eyJlMmJmYjczMC1lY2FhLTExZTYtOGY4OC0zNDM2M2JjN2M0YzAiOnsiY3JlYXRlIjoxMjAwMDAwMDAwMDAwLCJkZWxldGUiOjEyMDAwMDAwMDAwMDAsInVwZGF0ZSI6MTIwMDAwMDAwMDAwMH0sInNjaGVtYV92ZXJzaW9uIjoiMSJ9",
          "dependencies": [
            "google_compute_network.vpc"
          ]
        }
      ]
    },
    {
      "mode": "managed",
      "type": "google_compute_network",
      "name": "vpc",
      "provider": "provider[\"registry.terraform.io/hashicorp/google\"]",
      "instances": [
        {
          "schema_version": 0,
          "attributes": {
            "auto_create_subnetworks": false,
            "delete_default_routes_on_create": false,
            "description": "",
            "gateway_ipv4": "",
            "id": "projects/onprem-play/global/networks/ronan-vpc",
            "mtu": 0,
            "name": "ronan-vpc",
            "project": "onprem-play",
            "routing_mode": "REGIONAL",
            "self_link": "https://www.googleapis.com/compute/v1/projects/onprem-play/global/networks/ronan-vpc",
            "timeouts": null
          },
          "sensitive_attributes": [],
          "private": "eyJlMmJmYjczMC1lY2FhLTExZTYtOGY4OC0zNDM2M2JjN2M0YzAiOnsiY3JlYXRlIjoxMjAwMDAwMDAwMDAwLCJkZWxldGUiOjEyMDAwMDAwMDAwMDAsInVwZGF0ZSI6MTIwMDAwMDAwMDAwMH19"
        }
      ]
    },
    {
      "mode": "managed",
      "type": "google_compute_subnetwork",
      "name": "subnet",
      "provider": "provider[\"registry.terraform.io/hashicorp/google\"]",
      "instances": [
        {
          "schema_version": 0,
          "attributes": {
            "creation_timestamp": "2022-05-10T02:51:05.347-07:00",
            "description": "",
            "external_ipv6_prefix": "",
            "fingerprint": null,
            "gateway_address": "10.10.0.1",
            "id": "projects/onprem-play/regions/europe-west2/subnetworks/ronan-subnet",
            "ip_cidr_range": "10.10.0.0/24",
            "ipv6_access_type": "",
            "ipv6_cidr_range": "",
            "log_config": [],
            "name": "ronan-subnet",
            "network": "https://www.googleapis.com/compute/v1/projects/onprem-play/global/networks/ronan-vpc",
            "private_ip_google_access": false,
            "private_ipv6_google_access": "DISABLE_GOOGLE_ACCESS",
            "project": "onprem-play",
            "purpose": "PRIVATE",
            "region": "europe-west2",
            "role": "",
            "secondary_ip_range": [],
            "self_link": "https://www.googleapis.com/compute/v1/projects/onprem-play/regions/europe-west2/subnetworks/ronan-subnet",
            "stack_type": "IPV4_ONLY",
            "timeouts": null
          },
          "sensitive_attributes": [],
          "private": "eyJlMmJmYjczMC1lY2FhLTExZTYtOGY4OC0zNDM2M2JjN2M0YzAiOnsiY3JlYXRlIjoxMjAwMDAwMDAwMDAwLCJkZWxldGUiOjEyMDAwMDAwMDAwMDAsInVwZGF0ZSI6MTIwMDAwMDAwMDAwMH19",
          "dependencies": [
            "google_compute_network.vpc"
          ]
        }
      ]
    },
    {
      "mode": "managed",
      "type": "google_container_cluster",
      "name": "primary",
      "provider": "provider[\"registry.terraform.io/hashicorp/google\"]",
      "instances": [
        {
          "schema_version": 1,
          "attributes": {
            "addons_config": [
              {
                "cloudrun_config": [],
                "gcp_filestore_csi_driver_config": [],
                "horizontal_pod_autoscaling": [],
                "http_load_balancing": [],
                "network_policy_config": [
                  {
                    "disabled": true
                  }
                ]
              }
            ],
            "authenticator_groups_config": [],
            "cluster_autoscaling": [
              {
                "auto_provisioning_defaults": [
                  {
                    "image_type": "COS_CONTAINERD",
                    "oauth_scopes": [
                      "https://www.googleapis.com/auth/logging.write",
                      "https://www.googleapis.com/auth/monitoring"
                    ],
                    "service_account": "default"
                  }
                ],
                "enabled": true,
                "resource_limits": [
                  {
                    "maximum": 25,
                    "minimum": 1,
                    "resource_type": "cpu"
                  },
                  {
                    "maximum": 80,
                    "minimum": 4,
                    "resource_type": "memory"
                  }
                ]
              }
            ],
            "cluster_ipv4_cidr": "10.4.0.0/14",
            "confidential_nodes": [],
            "database_encryption": [
              {
                "key_name": "",
                "state": "DECRYPTED"
              }
            ],
            "datapath_provider": "",
            "default_max_pods_per_node": null,
            "default_snat_status": [
              {
                "disabled": false
              }
            ],
            "description": "",
            "dns_config": [],
            "enable_autopilot": false,
            "enable_binary_authorization": false,
            "enable_intranode_visibility": false,
            "enable_kubernetes_alpha": false,
            "enable_legacy_abac": false,
            "enable_shielded_nodes": true,
            "enable_tpu": false,
            "endpoint": "34.89.52.196",
            "id": "projects/onprem-play/locations/europe-west2/clusters/ronan-gke",
            "initial_node_count": 1,
            "ip_allocation_policy": [],
            "label_fingerprint": "a9dc16a7",
            "location": "europe-west2",
            "logging_config": [
              {
                "enable_components": [
                  "SYSTEM_COMPONENTS",
                  "WORKLOADS"
                ]
              }
            ],
            "logging_service": "logging.googleapis.com/kubernetes",
            "maintenance_policy": [],
            "master_auth": [
              {
                "client_certificate": "",
                "client_certificate_config": [
                  {
                    "issue_client_certificate": false
                  }
                ],
                "client_key": "",
                "cluster_ca_certificate": "LS0tLS1CRUdJTiBDRVJUSUZJQ0FURS0tLS0tCk1JSUVMRENDQXBTZ0F3SUJBZ0lRVjdwZFlxTzA1clRtVWtMcDJCZFpmVEFOQmdrcWhraUc5dzBCQVFzRkFEQXYKTVMwd0t3WURWUVFERXlRMU9HSmpNemN4T1MweVpUTmhMVFE1WW1NdE9ETmtaQzB6TWpGbFlqazVPRGN5T1RVdwpJQmNOTWpJd05URXdNRGcxTVRNeldoZ1BNakExTWpBMU1ESXdPVFV4TXpOYU1DOHhMVEFyQmdOVkJBTVRKRFU0ClltTXpOekU1TFRKbE0yRXRORGxpWXkwNE0yUmtMVE15TVdWaU9UazROekk1TlRDQ0FhSXdEUVlKS29aSWh2Y04KQVFFQkJRQURnZ0dQQURDQ0FZb0NnZ0dCQU5VZkVZYjNjQzFTTk04Yy9ZVmtRTHJ4Qm1sSm1rejl5WDVHNGF5bwpxQmNvZkJ0RVlpbUFyeHU0eGNsM3ovdi9MK1NucW0xMU8rL2ZrdFUyOWZlc29sQTNiaFlsVWlPZXk1dmtpcVhjCjlXeDQ5QUtoV2wwS1IzTEpwQkVENTFKK2NEZ25MVWZiL3ZqOEZhQ3BGSW9DU3NGOWlmcEwxalNJMStkYnNLckgKRkVTNGN2Z0xSRWk1L3FXUzZSZ2wycTZFbytreUNvVHhTOU5JcjI5N2UvZjNTUm5wdVVYMzFDaXREZG5FcWNzQwp6eGtGQmtWd1k5TS9SaldYSjNXbERNYllHczc2dnNJTnJvdUtSaE1QUVZnWFBnTkdUS1JiekdycE80TklpYlVhCmRvWTVWWHlSVDJmUENjR0RDbjNMYTZ3SitxRWFnZ2NINzd1OFZ6azI1djNKSFlmeUZYMjhjRHVUQjNGZUpiWFQKenNHLzBkWUI4RGoyVW4xWEtqTERkSjRnd2psclJDdVF2N3piWDQ3M2NsZGo5bHJqWFp1K0lSQ2h1NDJQY200SAp2dWRacTFuQk5kczE5WGN4NGIwdllieVRiWW9Nb1lvSFdRT3pMM0xxYU93MXNOZzlFSzNUZk5UZHpVUkdIR2FSCnRqRzRsYTJWZ3B3YUdSL2lWQ3l0MmQ2TVB3SURBUUFCbzBJd1FEQU9CZ05WSFE4QkFmOEVCQU1DQWdRd0R3WUQKVlIwVEFRSC9CQVV3QXdFQi96QWRCZ05WSFE0RUZnUVVlWWdMTDBjR2p1Y3RwQXZYRjlLc0JocXVRY0l3RFFZSgpLb1pJaHZjTkFRRUxCUUFEZ2dHQkFDTkZzampUUTc4cXJ3UkxZQW51UHBTaUxmb1RnMlZuZWg4bk4waGNvWlkxCkppeW9iTi9vY0FUZytHZlFtRWNIYnQ1WmRqTXZaOTNpWjlVcG1udkFOdm12QkgxNkx2N01yNEk0enEyMHVvaUMKcnZ1OGR4VVB0eUYxWmhsVmQ1eDBxU1BKSGlBRWpmbzRJSzlGVzRyaWo3Vk1jNWlpN0ZuR05rVFlKVmFCMzc4WQpqNUU2R1NlOVB0aEtLaFZHZnpxNkpRMVNadzBGZFFUNjVnZE84UG5RTSt0b01MYzZIUXhPTTlaQSthM0MrYkRMClhLM0YvKzFSMkhGZGM3T1lZQW55YTZsdURZRVg0Z3ZVZkJYSWhMdmRUTTdBdWhqa0FJdDNkbHppYWNUNjBEdUkKVS9UQ0hWdXo1QnFQejVGd0plQnowVUZRNllLQlFlT09pYktQMlRkMjBWSHVpUUNiTVdXZEkrUEQ5Q0tjRkl2ZwpoQzUwRFZrcjM4MjduWUNwd3QzcFdwZDlTOU1pbWtGNXl6TE10S3djOWVlK0gxSmRWV3psbXYvNUEzUmFGVVlrCkVLQnZTdS9zU2xuZzRINS9udmhJc3pkNklkNWRSQ0VtK3JCZGJzaDd3OW95K1hWMjZnRjVJQmZ2bVM2VEQxNXgKdE5IeGJncCtxNmNyYjNsdkFkTnJGZz09Ci0tLS0tRU5EIENFUlRJRklDQVRFLS0tLS0K"
              }
            ],
            "master_authorized_networks_config": [],
            "master_version": "1.21.11-gke.900",
            "min_master_version": null,
            "monitoring_config": [
              {
                "enable_components": [
                  "SYSTEM_COMPONENTS"
                ]
              }
            ],
            "monitoring_service": "monitoring.googleapis.com/kubernetes",
            "name": "ronan-gke",
            "network": "projects/onprem-play/global/networks/ronan-vpc",
            "network_policy": [
              {
                "enabled": false,
                "provider": "PROVIDER_UNSPECIFIED"
              }
            ],
            "networking_mode": "ROUTES",
            "node_config": [
              {
                "boot_disk_kms_key": "",
                "disk_size_gb": 100,
                "disk_type": "pd-standard",
                "gcfs_config": [],
                "guest_accelerator": [],
                "gvnic": [],
                "image_type": "COS_CONTAINERD",
                "labels": {
                  "env": "ronan"
                },
                "local_ssd_count": 0,
                "machine_type": "n1-standard-4",
                "metadata": {
                  "disable-legacy-endpoints": "true"
                },
                "min_cpu_platform": "",
                "node_group": "",
                "oauth_scopes": [
                  "https://www.googleapis.com/auth/devstorage.read_only",
                  "https://www.googleapis.com/auth/logging.write",
                  "https://www.googleapis.com/auth/monitoring",
                  "https://www.googleapis.com/auth/service.management.readonly",
                  "https://www.googleapis.com/auth/servicecontrol",
                  "https://www.googleapis.com/auth/trace.append"
                ],
                "preemptible": false,
                "service_account": "default",
                "shielded_instance_config": [
                  {
                    "enable_integrity_monitoring": true,
                    "enable_secure_boot": false
                  }
                ],
                "tags": [
                  "gke-node",
                  "ronan-gke"
                ],
                "taint": [],
                "workload_metadata_config": []
              }
            ],
            "node_locations": [
              "europe-west2-a",
              "europe-west2-b",
              "europe-west2-c"
            ],
            "node_pool": [
              {
                "autoscaling": [
                  {
                    "max_node_count": 10,
                    "min_node_count": 1
                  }
                ],
                "initial_node_count": 1,
                "instance_group_urls": [
                  "https://www.googleapis.com/compute/v1/projects/onprem-play/zones/europe-west2-b/instanceGroupManagers/gke-ronan-gke-ronan-gke-node-pool-e68b70af-grp",
                  "https://www.googleapis.com/compute/v1/projects/onprem-play/zones/europe-west2-c/instanceGroupManagers/gke-ronan-gke-ronan-gke-node-pool-b1321134-grp",
                  "https://www.googleapis.com/compute/v1/projects/onprem-play/zones/europe-west2-a/instanceGroupManagers/gke-ronan-gke-ronan-gke-node-pool-548681d3-grp"
                ],
                "managed_instance_group_urls": [
                  "https://www.googleapis.com/compute/v1/projects/onprem-play/zones/europe-west2-b/instanceGroups/gke-ronan-gke-ronan-gke-node-pool-e68b70af-grp",
                  "https://www.googleapis.com/compute/v1/projects/onprem-play/zones/europe-west2-c/instanceGroups/gke-ronan-gke-ronan-gke-node-pool-b1321134-grp",
                  "https://www.googleapis.com/compute/v1/projects/onprem-play/zones/europe-west2-a/instanceGroups/gke-ronan-gke-ronan-gke-node-pool-548681d3-grp"
                ],
                "management": [
                  {
                    "auto_repair": true,
                    "auto_upgrade": true
                  }
                ],
                "max_pods_per_node": 0,
                "name": "ronan-gke-node-pool",
                "name_prefix": "",
                "node_config": [
                  {
                    "boot_disk_kms_key": "",
                    "disk_size_gb": 100,
                    "disk_type": "pd-standard",
                    "gcfs_config": [],
                    "guest_accelerator": [],
                    "gvnic": [],
                    "image_type": "COS_CONTAINERD",
                    "labels": {
                      "env": "ronan"
                    },
                    "local_ssd_count": 0,
                    "machine_type": "n1-standard-4",
                    "metadata": {
                      "disable-legacy-endpoints": "true"
                    },
                    "min_cpu_platform": "",
                    "node_group": "",
                    "oauth_scopes": [
                      "https://www.googleapis.com/auth/devstorage.read_only",
                      "https://www.googleapis.com/auth/logging.write",
                      "https://www.googleapis.com/auth/monitoring",
                      "https://www.googleapis.com/auth/service.management.readonly",
                      "https://www.googleapis.com/auth/servicecontrol",
                      "https://www.googleapis.com/auth/trace.append"
                    ],
                    "preemptible": false,
                    "service_account": "default",
                    "shielded_instance_config": [
                      {
                        "enable_integrity_monitoring": true,
                        "enable_secure_boot": false
                      }
                    ],
                    "tags": [
                      "gke-node",
                      "ronan-gke"
                    ],
                    "taint": [],
                    "workload_metadata_config": []
                  }
                ],
                "node_count": 1,
                "node_locations": [
                  "europe-west2-a",
                  "europe-west2-b",
                  "europe-west2-c"
                ],
                "upgrade_settings": [
                  {
                    "max_surge": 1,
                    "max_unavailable": 0
                  }
                ],
                "version": "1.21.11-gke.900"
              }
            ],
            "node_version": "1.21.11-gke.900",
            "operation": null,
            "private_cluster_config": [],
            "private_ipv6_google_access": "",
            "project": "onprem-play",
            "release_channel": [
              {
                "channel": "REGULAR"
              }
            ],
            "remove_default_node_pool": true,
            "resource_labels": {},
            "resource_usage_export_config": [],
            "self_link": "https://container.googleapis.com/v1/projects/onprem-play/locations/europe-west2/clusters/ronan-gke",
            "services_ipv4_cidr": "10.7.240.0/20",
            "subnetwork": "projects/onprem-play/regions/europe-west2/subnetworks/ronan-subnet",
            "timeouts": null,
            "tpu_ipv4_cidr_block": "",
            "vertical_pod_autoscaling": [],
            "workload_identity_config": []
          },
          "sensitive_attributes": [],
          "private": "eyJlMmJmYjczMC1lY2FhLTExZTYtOGY4OC0zNDM2M2JjN2M0YzAiOnsiY3JlYXRlIjoyNDAwMDAwMDAwMDAwLCJkZWxldGUiOjI0MDAwMDAwMDAwMDAsInJlYWQiOjI0MDAwMDAwMDAwMDAsInVwZGF0ZSI6MzYwMDAwMDAwMDAwMH0sInNjaGVtYV92ZXJzaW9uIjoiMSJ9",
          "dependencies": [
            "google_compute_network.vpc",
            "google_compute_subnetwork.subnet"
          ]
        }
      ]
    },
    {
      "mode": "managed",
      "type": "google_container_node_pool",
      "name": "primary_nodes",
      "provider": "provider[\"registry.terraform.io/hashicorp/google\"]",
      "instances": [
        {
          "schema_version": 1,
          "attributes": {
            "autoscaling": [
              {
                "max_node_count": 10,
                "min_node_count": 1
              }
            ],
            "cluster": "ronan-gke",
            "id": "projects/onprem-play/locations/europe-west2/clusters/ronan-gke/nodePools/ronan-gke-node-pool",
            "initial_node_count": 1,
            "instance_group_urls": [
              "https://www.googleapis.com/compute/v1/projects/onprem-play/zones/europe-west2-b/instanceGroupManagers/gke-ronan-gke-ronan-gke-node-pool-e68b70af-grp",
              "https://www.googleapis.com/compute/v1/projects/onprem-play/zones/europe-west2-c/instanceGroupManagers/gke-ronan-gke-ronan-gke-node-pool-b1321134-grp",
              "https://www.googleapis.com/compute/v1/projects/onprem-play/zones/europe-west2-a/instanceGroupManagers/gke-ronan-gke-ronan-gke-node-pool-548681d3-grp"
            ],
            "location": "europe-west2",
            "managed_instance_group_urls": [
              "https://www.googleapis.com/compute/v1/projects/onprem-play/zones/europe-west2-b/instanceGroups/gke-ronan-gke-ronan-gke-node-pool-e68b70af-grp",
              "https://www.googleapis.com/compute/v1/projects/onprem-play/zones/europe-west2-c/instanceGroups/gke-ronan-gke-ronan-gke-node-pool-b1321134-grp",
              "https://www.googleapis.com/compute/v1/projects/onprem-play/zones/europe-west2-a/instanceGroups/gke-ronan-gke-ronan-gke-node-pool-548681d3-grp"
            ],
            "management": [
              {
                "auto_repair": true,
                "auto_upgrade": true
              }
            ],
            "max_pods_per_node": null,
            "name": "ronan-gke-node-pool",
            "name_prefix": "",
            "node_config": [
              {
                "boot_disk_kms_key": "",
                "disk_size_gb": 100,
                "disk_type": "pd-standard",
                "gcfs_config": [],
                "guest_accelerator": [],
                "gvnic": [],
                "image_type": "COS_CONTAINERD",
                "labels": {
                  "env": "ronan"
                },
                "local_ssd_count": 0,
                "machine_type": "n1-standard-4",
                "metadata": {
                  "disable-legacy-endpoints": "true"
                },
                "min_cpu_platform": "",
                "node_group": "",
                "oauth_scopes": [
                  "https://www.googleapis.com/auth/devstorage.read_only",
                  "https://www.googleapis.com/auth/logging.write",
                  "https://www.googleapis.com/auth/monitoring",
                  "https://www.googleapis.com/auth/service.management.readonly",
                  "https://www.googleapis.com/auth/servicecontrol",
                  "https://www.googleapis.com/auth/trace.append"
                ],
                "preemptible": false,
                "service_account": "default",
                "shielded_instance_config": [
                  {
                    "enable_integrity_monitoring": true,
                    "enable_secure_boot": false
                  }
                ],
                "tags": [
                  "gke-node",
                  "ronan-gke"
                ],
                "taint": [],
                "workload_metadata_config": []
              }
            ],
            "node_count": 1,
            "node_locations": [
              "europe-west2-a",
              "europe-west2-b",
              "europe-west2-c"
            ],
            "operation": null,
            "project": "onprem-play",
            "timeouts": null,
            "upgrade_settings": [
              {
                "max_surge": 1,
                "max_unavailable": 0
              }
            ],
            "version": "1.21.11-gke.900"
          },
          "sensitive_attributes": [],
          "private": "eyJlMmJmYjczMC1lY2FhLTExZTYtOGY4OC0zNDM2M2JjN2M0YzAiOnsiY3JlYXRlIjoxODAwMDAwMDAwMDAwLCJkZWxldGUiOjE4MDAwMDAwMDAwMDAsInVwZGF0ZSI6MTgwMDAwMDAwMDAwMH0sInNjaGVtYV92ZXJzaW9uIjoiMSJ9",
          "dependencies": [
            "google_compute_network.vpc",
            "google_compute_subnetwork.subnet",
            "google_container_cluster.primary"
          ]
        }
      ]
    }
  ]
}
