{
  "version": 4,
  "terraform_version": "1.1.9",
  "serial": 4,
  "lineage": "8b7ea7e2-ebb8-5856-d3a6-e9f88f82c689",
  "outputs": {
    "kubernetes_cluster_host": {
      "value": "34.142.39.253",
      "type": "string"
    },
    "kubernetes_cluster_name": {
      "value": "helm-testing-gke",
      "type": "string"
    },
    "project_id": {
      "value": "onprem-play",
      "type": "string"
    },
    "region": {
      "value": "europe-west2",
      "type": "string"
    }
  },
  "resources": [
    {
      "mode": "managed",
      "type": "google_compute_address",
      "name": "external_ip",
      "provider": "provider[\"registry.terraform.io/hashicorp/google\"]",
      "instances": [
        {
          "schema_version": 0,
          "attributes": {
            "address": "34.142.21.123",
            "address_type": "EXTERNAL",
            "creation_timestamp": "2022-06-07T03:17:45.922-07:00",
            "description": "",
            "id": "projects/onprem-play/regions/europe-west2/addresses/helm-testing-gke",
            "name": "helm-testing-gke",
            "network": "",
            "network_tier": "PREMIUM",
            "prefix_length": 0,
            "project": "onprem-play",
            "purpose": "",
            "region": "europe-west2",
            "self_link": "https://www.googleapis.com/compute/v1/projects/onprem-play/regions/europe-west2/addresses/helm-testing-gke",
            "subnetwork": "",
            "timeouts": null,
            "users": []
          },
          "sensitive_attributes": [],
          "private": "eyJlMmJmYjczMC1lY2FhLTExZTYtOGY4OC0zNDM2M2JjN2M0YzAiOnsiY3JlYXRlIjoxMjAwMDAwMDAwMDAwLCJkZWxldGUiOjEyMDAwMDAwMDAwMDB9fQ=="
        }
      ]
    },
    {
      "mode": "managed",
      "type": "google_container_cluster",
      "name": "primary",
      "provider": "provider[\"registry.terraform.io/hashicorp/google\"]",
      "instances": [
        {
          "schema_version": 1,
          "attributes": {
            "addons_config": [
              {
                "cloudrun_config": [],
                "gcp_filestore_csi_driver_config": [],
                "horizontal_pod_autoscaling": [],
                "http_load_balancing": [],
                "network_policy_config": [
                  {
                    "disabled": true
                  }
                ]
              }
            ],
            "authenticator_groups_config": [],
            "cluster_autoscaling": [
              {
                "auto_provisioning_defaults": [
                  {
                    "image_type": "COS_CONTAINERD",
                    "oauth_scopes": [
                      "https://www.googleapis.com/auth/logging.write",
                      "https://www.googleapis.com/auth/monitoring"
                    ],
                    "service_account": "default"
                  }
                ],
                "enabled": true,
                "resource_limits": [
                  {
                    "maximum": 240,
                    "minimum": 1,
                    "resource_type": "cpu"
                  },
                  {
                    "maximum": 480,
                    "minimum": 1,
                    "resource_type": "memory"
                  }
                ]
              }
            ],
            "cluster_ipv4_cidr": "10.92.0.0/14",
            "confidential_nodes": [],
            "database_encryption": [
              {
                "key_name": "",
                "state": "DECRYPTED"
              }
            ],
            "datapath_provider": "",
            "default_max_pods_per_node": null,
            "default_snat_status": [
              {
                "disabled": false
              }
            ],
            "description": "",
            "dns_config": [],
            "enable_autopilot": false,
            "enable_binary_authorization": false,
            "enable_intranode_visibility": false,
            "enable_kubernetes_alpha": false,
            "enable_legacy_abac": false,
            "enable_shielded_nodes": true,
            "enable_tpu": false,
            "endpoint": "34.142.39.253",
            "id": "projects/onprem-play/locations/europe-west2/clusters/helm-testing-gke",
            "initial_node_count": 1,
            "ip_allocation_policy": [],
            "label_fingerprint": "a9dc16a7",
            "location": "europe-west2",
            "logging_config": [
              {
                "enable_components": [
                  "SYSTEM_COMPONENTS",
                  "WORKLOADS"
                ]
              }
            ],
            "logging_service": "logging.googleapis.com/kubernetes",
            "maintenance_policy": [],
            "master_auth": [
              {
                "client_certificate": "",
                "client_certificate_config": [
                  {
                    "issue_client_certificate": false
                  }
                ],
                "client_key": "",
                "cluster_ca_certificate": "LS0tLS1CRUdJTiBDRVJUSUZJQ0FURS0tLS0tCk1JSUVMVENDQXBXZ0F3SUJBZ0lSQUxRdmRVV3RGV1Z3eUlXZURseGwwaVF3RFFZSktvWklodmNOQVFFTEJRQXcKTHpFdE1Dc0dBMVVFQXhNa01UTTRZelkzWlRNdE4yVTJNeTAwWWpKaExUZ3pabUl0WkdFelpUTmlaVFEyTWpneApNQ0FYRFRJeU1EWXdOekE1TVRjME5sb1lEekl3TlRJd05UTXdNVEF4TnpRMldqQXZNUzB3S3dZRFZRUURFeVF4Ck16aGpOamRsTXkwM1pUWXpMVFJpTW1FdE9ETm1ZaTFrWVRObE0ySmxORFl5T0RFd2dnR2lNQTBHQ1NxR1NJYjMKRFFFQkFRVUFBNElCandBd2dnR0tBb0lCZ1FEaHJrRTQzNEtPT2U0YjE2bllMK01STmllSW51YlBicW9BNFJiZApXTWJiMDdhQkVNWC9aVlg4VnBUYUhkYnBTOGVHS0pRTFdvRXRVWXh4dEFNNGVIOHlESWdtLzFuZGtCekl5S3V6CmZONGIxc3F1YXRWdHQ0R3c3RC9VNUt6UitMRjZaVVZkSlN5QmJiWXFDY1V3d0V2dkh4bU5YNmFVZXMyMHhvb0wKUlpDTmxkWDNReEcvNGVibHF4ODdtVDZzOHV5L3BaSSsyV01SL0xHOVdlVW5XdDdjNTc3aEtLRGRPUmwwNTExLwpLZUxlM29OL2ZnY2U2VTkzeVBKNDRFd1l6aXhzNnc5SXovZmMyd2xSVHUxRVZGT3ZzNmRybjZzVUtLZ21DY0tqCjVzOVNDNmNKNTVJMVR6bnVhb2c4dFBaZ1NSOG1IZUd3VThWNmNKY3A1b2wxTDJOU2xFdXlMa1JaNktHajI2NEsKYUN6RkhwYVVSYmRCb1pnWm1Wby9qMjJkNUlHTmdtYVllWDJ6SlNZOGRjckt6UnQ3WEJaTjFMMzkvYTJYNUZySApKK2h1Y3FmQlNhaWo1Ti9naTk1RldhREFjQ09NVVBwZG5uMjlkbHA3VnA1d1FGSnZ5M1BzNHllOU5BL3Zva3QwCldsUnVqODNHMS9KZ1lDOEZ6ZWZxL2xwcFhZOENBd0VBQWFOQ01FQXdEZ1lEVlIwUEFRSC9CQVFEQWdJRU1BOEcKQTFVZEV3RUIvd1FGTUFNQkFmOHdIUVlEVlIwT0JCWUVGS2FUTUF4ZjZFSldITks3VTVlY0hpSGFocDVyTUEwRwpDU3FHU0liM0RRRUJDd1VBQTRJQmdRQ0hQN043WVhTTG05eERuZFAxRkRTTW50ak1IU0NiSkNmSGRlQ0ZBWVhFCjVHd0ZEekdaVEJMVk1UOFFBazRHellITWcybTFFM3MwbGh0Q05ISDFFcDRJTjhoYnIvelBPLzducWkwZndYVFQKeTg2UlRHdENXYWdyUlphOVhEaitCd0ZSTVUxaHJmUTlkcHlmcVNVV0ZhVXc2OHZpQ0x0a3FkcElma3RxKzhmTgp0aktXbjZWSkt3bUtOeWdUbzhsRFF2VG16MCt4UWpBNklDcGVFMnltcHppRkk0WFBVMXhjUU5yUy9zeXg1RmQvClVGN3R6czQxUmd0bDdQclkrYWtkSFIxRFQ4UEtoOXRDdDRmWkkzckFsaXFFWURid1NYU0hQOU5Hem84VkFrSkYKc1VoQ0NrS2EzNVM3Q1Vqa0JjWTBpZERLNkl2bFlsUzU4ZUd5dVNZaFdXT1BvUWVpelVxT1VlcUhKWFhjaEpieQpBcG9ZUVJOSWdKdjc0ak9yZ1YyV25Ncm85ZStWWEZuSjRSNXN5QUgvbTNDYk9Hd2l2dUUwNzAyYU9CdmtOaVFXCnJ5cUNOR2FCVkM5MkxQcXdyM0NYbG9naHg4TE5HcWZJZkFLS0szcklralNXQzV3TWZIRjNXL2JHZ29KQkR0cDUKaStIdGdBVGVNUFV4WHNnaWorTlh6N009Ci0tLS0tRU5EIENFUlRJRklDQVRFLS0tLS0K"
              }
            ],
            "master_authorized_networks_config": [],
            "master_version": "1.22.8-gke.201",
            "min_master_version": null,
            "monitoring_config": [
              {
                "enable_components": [
                  "SYSTEM_COMPONENTS"
                ]
              }
            ],
            "monitoring_service": "monitoring.googleapis.com/kubernetes",
            "name": "helm-testing-gke",
            "network": "projects/onprem-play/global/networks/self-managed-vpc",
            "network_policy": [
              {
                "enabled": false,
                "provider": "PROVIDER_UNSPECIFIED"
              }
            ],
            "networking_mode": "ROUTES",
            "node_config": [],
            "node_locations": [
              "europe-west2-a",
              "europe-west2-b",
              "europe-west2-c"
            ],
            "node_pool": [],
            "node_version": "1.22.8-gke.201",
            "operation": null,
            "private_cluster_config": [],
            "private_ipv6_google_access": "",
            "project": "onprem-play",
            "release_channel": [
              {
                "channel": "REGULAR"
              }
            ],
            "remove_default_node_pool": true,
            "resource_labels": null,
            "resource_usage_export_config": [],
            "self_link": "https://container.googleapis.com/v1/projects/onprem-play/locations/europe-west2/clusters/helm-testing-gke",
            "services_ipv4_cidr": "10.95.240.0/20",
            "subnetwork": "projects/onprem-play/regions/europe-west2/subnetworks/self-managed-subnet",
            "timeouts": null,
            "tpu_ipv4_cidr_block": "",
            "vertical_pod_autoscaling": [],
            "workload_identity_config": []
          },
          "sensitive_attributes": [],
          "private": "eyJlMmJmYjczMC1lY2FhLTExZTYtOGY4OC0zNDM2M2JjN2M0YzAiOnsiY3JlYXRlIjoyNDAwMDAwMDAwMDAwLCJkZWxldGUiOjI0MDAwMDAwMDAwMDAsInJlYWQiOjI0MDAwMDAwMDAwMDAsInVwZGF0ZSI6MzYwMDAwMDAwMDAwMH0sInNjaGVtYV92ZXJzaW9uIjoiMSJ9"
        }
      ]
    },
    {
      "mode": "managed",
      "type": "google_container_node_pool",
      "name": "primary_nodes",
      "provider": "provider[\"registry.terraform.io/hashicorp/google\"]",
      "instances": [
        {
          "schema_version": 1,
          "attributes": {
            "autoscaling": [
              {
                "max_node_count": 20,
                "min_node_count": 1
              }
            ],
            "cluster": "helm-testing-gke",
            "id": "projects/onprem-play/locations/europe-west2/clusters/helm-testing-gke/nodePools/helm-testing-gke-node-pool",
            "initial_node_count": 1,
            "instance_group_urls": [
              "https://www.googleapis.com/compute/v1/projects/onprem-play/zones/europe-west2-a/instanceGroupManagers/gke-helm-testing-gke-helm-testing-gke-305fbdfe-grp",
              "https://www.googleapis.com/compute/v1/projects/onprem-play/zones/europe-west2-c/instanceGroupManagers/gke-helm-testing-gke-helm-testing-gke-b7eadfd8-grp",
              "https://www.googleapis.com/compute/v1/projects/onprem-play/zones/europe-west2-b/instanceGroupManagers/gke-helm-testing-gke-helm-testing-gke-f5f01848-grp"
            ],
            "location": "europe-west2",
            "managed_instance_group_urls": [
              "https://www.googleapis.com/compute/v1/projects/onprem-play/zones/europe-west2-a/instanceGroups/gke-helm-testing-gke-helm-testing-gke-305fbdfe-grp",
              "https://www.googleapis.com/compute/v1/projects/onprem-play/zones/europe-west2-c/instanceGroups/gke-helm-testing-gke-helm-testing-gke-b7eadfd8-grp",
              "https://www.googleapis.com/compute/v1/projects/onprem-play/zones/europe-west2-b/instanceGroups/gke-helm-testing-gke-helm-testing-gke-f5f01848-grp"
            ],
            "management": [
              {
                "auto_repair": true,
                "auto_upgrade": true
              }
            ],
            "max_pods_per_node": null,
            "name": "helm-testing-gke-node-pool",
            "name_prefix": "",
            "node_config": [
              {
                "boot_disk_kms_key": "",
                "disk_size_gb": 100,
                "disk_type": "pd-standard",
                "gcfs_config": [],
                "guest_accelerator": [],
                "gvnic": [],
                "image_type": "COS_CONTAINERD",
                "labels": {
                  "env": "helm-testing"
                },
                "local_ssd_count": 0,
                "machine_type": "n1-standard-4",
                "metadata": {
                  "disable-legacy-endpoints": "true"
                },
                "min_cpu_platform": "",
                "node_group": "",
                "oauth_scopes": [
                  "https://www.googleapis.com/auth/devstorage.read_only",
                  "https://www.googleapis.com/auth/logging.write",
                  "https://www.googleapis.com/auth/monitoring",
                  "https://www.googleapis.com/auth/service.management.readonly",
                  "https://www.googleapis.com/auth/servicecontrol",
                  "https://www.googleapis.com/auth/trace.append"
                ],
                "preemptible": false,
                "service_account": "default",
                "shielded_instance_config": [
                  {
                    "enable_integrity_monitoring": true,
                    "enable_secure_boot": false
                  }
                ],
                "tags": [
                  "self-managed-gke-node",
                  "helm-testing-gke"
                ],
                "taint": [],
                "workload_metadata_config": []
              }
            ],
            "node_count": 1,
            "node_locations": [
              "europe-west2-a",
              "europe-west2-b",
              "europe-west2-c"
            ],
            "operation": null,
            "project": "onprem-play",
            "timeouts": null,
            "upgrade_settings": [
              {
                "max_surge": 1,
                "max_unavailable": 0
              }
            ],
            "version": "1.22.8-gke.201"
          },
          "sensitive_attributes": [],
          "private": "eyJlMmJmYjczMC1lY2FhLTExZTYtOGY4OC0zNDM2M2JjN2M0YzAiOnsiY3JlYXRlIjoxODAwMDAwMDAwMDAwLCJkZWxldGUiOjE4MDAwMDAwMDAwMDAsInVwZGF0ZSI6MTgwMDAwMDAwMDAwMH0sInNjaGVtYV92ZXJzaW9uIjoiMSJ9",
          "dependencies": [
            "google_container_cluster.primary"
          ]
        }
      ]
    }
  ]
}
