{
  "version": 4,
  "terraform_version": "1.1.9",
  "serial": 7,
  "lineage": "0bc8d47e-6f48-97b1-a680-f9b02b110db9",
  "outputs": {
    "kubernetes_cluster_host": {
      "value": "35.197.195.182",
      "type": "string"
    },
    "kubernetes_cluster_name": {
      "value": "arya-gke",
      "type": "string"
    },
    "project_id": {
      "value": "onprem-play",
      "type": "string"
    },
    "region": {
      "value": "europe-west2",
      "type": "string"
    }
  },
  "resources": [
    {
      "mode": "managed",
      "type": "google_compute_address",
      "name": "external_ip",
      "provider": "provider[\"registry.terraform.io/hashicorp/google\"]",
      "instances": [
        {
          "schema_version": 0,
          "attributes": {
            "address": "35.242.146.125",
            "address_type": "EXTERNAL",
            "creation_timestamp": "2022-06-07T03:35:54.408-07:00",
            "description": "",
            "id": "projects/onprem-play/regions/europe-west2/addresses/arya-gke",
            "name": "arya-gke",
            "network": "",
            "network_tier": "PREMIUM",
            "prefix_length": 0,
            "project": "onprem-play",
            "purpose": "",
            "region": "europe-west2",
            "self_link": "https://www.googleapis.com/compute/v1/projects/onprem-play/regions/europe-west2/addresses/arya-gke",
            "subnetwork": "",
            "timeouts": null,
            "users": []
          },
          "sensitive_attributes": [],
          "private": "eyJlMmJmYjczMC1lY2FhLTExZTYtOGY4OC0zNDM2M2JjN2M0YzAiOnsiY3JlYXRlIjoxMjAwMDAwMDAwMDAwLCJkZWxldGUiOjEyMDAwMDAwMDAwMDB9fQ=="
        }
      ]
    },
    {
      "mode": "managed",
      "type": "google_container_cluster",
      "name": "primary",
      "provider": "provider[\"registry.terraform.io/hashicorp/google\"]",
      "instances": [
        {
          "schema_version": 1,
          "attributes": {
            "addons_config": [
              {
                "cloudrun_config": [],
                "gcp_filestore_csi_driver_config": [],
                "horizontal_pod_autoscaling": [],
                "http_load_balancing": [],
                "network_policy_config": [
                  {
                    "disabled": true
                  }
                ]
              }
            ],
            "authenticator_groups_config": [],
            "cluster_autoscaling": [
              {
                "auto_provisioning_defaults": [
                  {
                    "image_type": "COS_CONTAINERD",
                    "oauth_scopes": [
                      "https://www.googleapis.com/auth/logging.write",
                      "https://www.googleapis.com/auth/monitoring"
                    ],
                    "service_account": "default"
                  }
                ],
                "enabled": true,
                "resource_limits": [
                  {
                    "maximum": 240,
                    "minimum": 1,
                    "resource_type": "cpu"
                  },
                  {
                    "maximum": 480,
                    "minimum": 1,
                    "resource_type": "memory"
                  }
                ]
              }
            ],
            "cluster_ipv4_cidr": "10.244.0.0/14",
            "confidential_nodes": [],
            "database_encryption": [
              {
                "key_name": "",
                "state": "DECRYPTED"
              }
            ],
            "datapath_provider": "",
            "default_max_pods_per_node": null,
            "default_snat_status": [
              {
                "disabled": false
              }
            ],
            "description": "",
            "dns_config": [],
            "enable_autopilot": false,
            "enable_binary_authorization": false,
            "enable_intranode_visibility": false,
            "enable_kubernetes_alpha": false,
            "enable_legacy_abac": false,
            "enable_shielded_nodes": true,
            "enable_tpu": false,
            "endpoint": "35.197.195.182",
            "id": "projects/onprem-play/locations/europe-west2/clusters/arya-gke",
            "initial_node_count": 1,
            "ip_allocation_policy": [],
            "label_fingerprint": "a9dc16a7",
            "location": "europe-west2",
            "logging_config": [
              {
                "enable_components": [
                  "SYSTEM_COMPONENTS",
                  "WORKLOADS"
                ]
              }
            ],
            "logging_service": "logging.googleapis.com/kubernetes",
            "maintenance_policy": [],
            "master_auth": [
              {
                "client_certificate": "",
                "client_certificate_config": [
                  {
                    "issue_client_certificate": false
                  }
                ],
                "client_key": "",
                "cluster_ca_certificate": "LS0tLS1CRUdJTiBDRVJUSUZJQ0FURS0tLS0tCk1JSUVMRENDQXBTZ0F3SUJBZ0lRRVBYVjlGdmJwelFwcGhOazVMQnIwekFOQmdrcWhraUc5dzBCQVFzRkFEQXYKTVMwd0t3WURWUVFERXlRNE1tRXhaVGMwTlMwM056Z3hMVFJrTWpNdFlqSmhNeTAxTkRjeU9EbG1aVEkyT0RVdwpJQmNOTWpJd05qQTNNRGt6TlRVMFdoZ1BNakExTWpBMU16QXhNRE0xTlRSYU1DOHhMVEFyQmdOVkJBTVRKRGd5CllURmxOelExTFRjM09ERXROR1F5TXkxaU1tRXpMVFUwTnpJNE9XWmxNalk0TlRDQ0FhSXdEUVlKS29aSWh2Y04KQVFFQkJRQURnZ0dQQURDQ0FZb0NnZ0dCQUtvS2xFS0tZZ2V3YjQyUzBLREpuWmMrZDA0VTNJeERiQ1NHb0lXdApuNGI4NEtpRUgyUGhLdVJxckpzbnh3UmQzUHU3ZHdVTElFVEcyUGZETUI5SGdlLy9JcWFGcWdwN0Q1ZFFUQXlKCkdlZEx6cHFLamNOK2VWcUFXNm5tNFBadk1pTnZtbHN4aTVkbzhnOFZ1bXhqSHEyZ0tNUUhISFB6SUo1WExYSUMKYjJVTEVlOVc5WG1VWk5mMHlmZXlFcXp6N25WQnRuellsRmpKQUFjeGpzeDRpU3NqL0g1VzJWTW0rLzVqZzQzRwp0blNGUGl4TnhZWitiVkVYNW9CQ3IvK21ORzI3ZHpoSks3ZU5iTE85cG4xUG4zYlY5MlpIbXVDQzZDWi80OHpmCjcrWWNYZC9FTnBwN3R5MExtYkdRV0F2ZDY3dWZmd29KaGhYV1BnbjVHY0t2L2pTdlNReEN3YzllRFhPdzFMR0sKRmlJWW84NFlxbVd3SHh5MWNtTjhqYTZ4Tjl6MnZ1a2N4RG9ncThkNkpxam96djBYNXRDVCt4TS9WMlNDeHgraApld1AxQTQyZncrdDNtMmhYb3JHVmt2TlpsQ2U0NVBWUis2L2gyNjYzUTNDaHNjSDc0MXdncTh1VVBLRVFaTDltCi9RNS81QlFvYmZZSWFtcDJLblE0SlBmYlp3SURBUUFCbzBJd1FEQU9CZ05WSFE4QkFmOEVCQU1DQWdRd0R3WUQKVlIwVEFRSC9CQVV3QXdFQi96QWRCZ05WSFE0RUZnUVUvVUVOWTRoc0x5bzhRR3oxWFBTdXAybHJZVDB3RFFZSgpLb1pJaHZjTkFRRUxCUUFEZ2dHQkFHcUdNS09MdG9ENWczeG01VDVJUTFJbGkvOExaMEprN0pxUW1ISkF4dnNrCkJBY2FUZ2RhQS9QWW13aHdoMkhiZG1oYzlsSEpubk92NDVhdnF6N3hFQmI1Q3pEcFc2d0p2NTBHTnJ1cFFVWHoKNUdLOUhPYVpycUIyNE9vbFZzS2l6b0l6bE5EL1FUeDVNVCtzdlo3NmMwcVZ2TWljNncycGJJa2Ivc3FUVXZMagpjQmpNTUVHQVhYZ3hQUmtFejlta1FZMTc5VTNaOGltM2Nyb2Q2Z0lpazVBZFJWM21vWnpGcllBWlVoYkdKRE5vCjVrNVUyR3BtQjBBTVZCYk51NDlkT3czc2FIK2doMnh5ZVJqWC9MK3FCS0UzV04vYjRRZzFzbGRGTFZWRkc4eGIKS3FqRWVqS3NTV2ZoZGxZRzBIMUNuZ3ptY2d5ZWpjSStyVGY1YmUvVFZyWFFITU1OTG5sSXVXek1lMjJuR09SeAo4M1F1MGxRdDIvS2pWcFZSRmZUM3JHeVNtd3MyVEp6YXNna2NGejFDQi9sNDkzNDJIcWREOTZiaFN6NUhZYzViCmVqZmVNSkE3allUSmc0WERDNCtDUzBObVdPWkZRWHZNcmhEYllObnA4OElvcHFWMEpRNXhjNnZ4Y1dSb1Q1bWEKTHV5ZUFHWlE2TmFmWEpWL2dVL0FJUT09Ci0tLS0tRU5EIENFUlRJRklDQVRFLS0tLS0K"
              }
            ],
            "master_authorized_networks_config": [],
            "master_version": "1.22.8-gke.201",
            "min_master_version": null,
            "monitoring_config": [
              {
                "enable_components": [
                  "SYSTEM_COMPONENTS"
                ]
              }
            ],
            "monitoring_service": "monitoring.googleapis.com/kubernetes",
            "name": "arya-gke",
            "network": "projects/onprem-play/global/networks/self-managed-vpc",
            "network_policy": [
              {
                "enabled": false,
                "provider": "PROVIDER_UNSPECIFIED"
              }
            ],
            "networking_mode": "ROUTES",
            "node_config": [
              {
                "boot_disk_kms_key": "",
                "disk_size_gb": 100,
                "disk_type": "pd-standard",
                "gcfs_config": [],
                "guest_accelerator": [],
                "gvnic": [],
                "image_type": "COS_CONTAINERD",
                "labels": {},
                "local_ssd_count": 0,
                "machine_type": "e2-highcpu-2",
                "metadata": {
                  "disable-legacy-endpoints": "true"
                },
                "min_cpu_platform": "",
                "node_group": "",
                "oauth_scopes": [
                  "https://www.googleapis.com/auth/logging.write",
                  "https://www.googleapis.com/auth/monitoring"
                ],
                "preemptible": false,
                "service_account": "default",
                "shielded_instance_config": [
                  {
                    "enable_integrity_monitoring": true,
                    "enable_secure_boot": false
                  }
                ],
                "tags": [],
                "taint": [],
                "workload_metadata_config": []
              }
            ],
            "node_locations": [
              "europe-west2-a",
              "europe-west2-b",
              "europe-west2-c"
            ],
            "node_pool": [
              {
                "autoscaling": [
                  {
                    "max_node_count": 1000,
                    "min_node_count": 0
                  }
                ],
                "initial_node_count": 0,
                "instance_group_urls": [
                  "https://www.googleapis.com/compute/v1/projects/onprem-play/zones/europe-west2-b/instanceGroupManagers/gke-arya-gke-nap-e2-highcpu-2-1ub0b47-f1b5562f-grp",
                  "https://www.googleapis.com/compute/v1/projects/onprem-play/zones/europe-west2-a/instanceGroupManagers/gke-arya-gke-nap-e2-highcpu-2-1ub0b47-7a67c025-grp",
                  "https://www.googleapis.com/compute/v1/projects/onprem-play/zones/europe-west2-c/instanceGroupManagers/gke-arya-gke-nap-e2-highcpu-2-1ub0b47-3f1e8d8c-grp"
                ],
                "managed_instance_group_urls": [
                  "https://www.googleapis.com/compute/v1/projects/onprem-play/zones/europe-west2-b/instanceGroups/gke-arya-gke-nap-e2-highcpu-2-1ub0b47-f1b5562f-grp",
                  "https://www.googleapis.com/compute/v1/projects/onprem-play/zones/europe-west2-a/instanceGroups/gke-arya-gke-nap-e2-highcpu-2-1ub0b47-7a67c025-grp",
                  "https://www.googleapis.com/compute/v1/projects/onprem-play/zones/europe-west2-c/instanceGroups/gke-arya-gke-nap-e2-highcpu-2-1ub0b47-3f1e8d8c-grp"
                ],
                "management": [
                  {
                    "auto_repair": true,
                    "auto_upgrade": true
                  }
                ],
                "max_pods_per_node": 0,
                "name": "nap-e2-highcpu-2-1ub0b47j",
                "name_prefix": "",
                "node_config": [
                  {
                    "boot_disk_kms_key": "",
                    "disk_size_gb": 100,
                    "disk_type": "pd-standard",
                    "gcfs_config": [],
                    "guest_accelerator": [],
                    "gvnic": [],
                    "image_type": "COS_CONTAINERD",
                    "labels": {},
                    "local_ssd_count": 0,
                    "machine_type": "e2-highcpu-2",
                    "metadata": {
                      "disable-legacy-endpoints": "true"
                    },
                    "min_cpu_platform": "",
                    "node_group": "",
                    "oauth_scopes": [
                      "https://www.googleapis.com/auth/logging.write",
                      "https://www.googleapis.com/auth/monitoring"
                    ],
                    "preemptible": false,
                    "service_account": "default",
                    "shielded_instance_config": [
                      {
                        "enable_integrity_monitoring": true,
                        "enable_secure_boot": false
                      }
                    ],
                    "tags": [],
                    "taint": [],
                    "workload_metadata_config": []
                  }
                ],
                "node_count": 0,
                "node_locations": [
                  "europe-west2-a",
                  "europe-west2-b",
                  "europe-west2-c"
                ],
                "upgrade_settings": [
                  {
                    "max_surge": 1,
                    "max_unavailable": 0
                  }
                ],
                "version": "1.22.8-gke.201"
              },
              {
                "autoscaling": [
                  {
                    "max_node_count": 20,
                    "min_node_count": 1
                  }
                ],
                "initial_node_count": 1,
                "instance_group_urls": [
                  "https://www.googleapis.com/compute/v1/projects/onprem-play/zones/europe-west2-b/instanceGroupManagers/gke-arya-gke-arya-gke-node-pool-63d643c9-grp",
                  "https://www.googleapis.com/compute/v1/projects/onprem-play/zones/europe-west2-a/instanceGroupManagers/gke-arya-gke-arya-gke-node-pool-bf78c2d3-grp",
                  "https://www.googleapis.com/compute/v1/projects/onprem-play/zones/europe-west2-c/instanceGroupManagers/gke-arya-gke-arya-gke-node-pool-eaf182fb-grp"
                ],
                "managed_instance_group_urls": [
                  "https://www.googleapis.com/compute/v1/projects/onprem-play/zones/europe-west2-b/instanceGroups/gke-arya-gke-arya-gke-node-pool-63d643c9-grp",
                  "https://www.googleapis.com/compute/v1/projects/onprem-play/zones/europe-west2-a/instanceGroups/gke-arya-gke-arya-gke-node-pool-bf78c2d3-grp",
                  "https://www.googleapis.com/compute/v1/projects/onprem-play/zones/europe-west2-c/instanceGroups/gke-arya-gke-arya-gke-node-pool-eaf182fb-grp"
                ],
                "management": [
                  {
                    "auto_repair": true,
                    "auto_upgrade": true
                  }
                ],
                "max_pods_per_node": 0,
                "name": "arya-gke-node-pool",
                "name_prefix": "",
                "node_config": [
                  {
                    "boot_disk_kms_key": "",
                    "disk_size_gb": 100,
                    "disk_type": "pd-standard",
                    "gcfs_config": [],
                    "guest_accelerator": [],
                    "gvnic": [],
                    "image_type": "COS_CONTAINERD",
                    "labels": {
                      "env": "arya"
                    },
                    "local_ssd_count": 0,
                    "machine_type": "n1-standard-4",
                    "metadata": {
                      "disable-legacy-endpoints": "true"
                    },
                    "min_cpu_platform": "",
                    "node_group": "",
                    "oauth_scopes": [
                      "https://www.googleapis.com/auth/devstorage.read_only",
                      "https://www.googleapis.com/auth/logging.write",
                      "https://www.googleapis.com/auth/monitoring",
                      "https://www.googleapis.com/auth/service.management.readonly",
                      "https://www.googleapis.com/auth/servicecontrol",
                      "https://www.googleapis.com/auth/trace.append"
                    ],
                    "preemptible": false,
                    "service_account": "default",
                    "shielded_instance_config": [
                      {
                        "enable_integrity_monitoring": true,
                        "enable_secure_boot": false
                      }
                    ],
                    "tags": [
                      "self-managed-gke-node",
                      "arya-gke"
                    ],
                    "taint": [],
                    "workload_metadata_config": []
                  }
                ],
                "node_count": 1,
                "node_locations": [
                  "europe-west2-a",
                  "europe-west2-b",
                  "europe-west2-c"
                ],
                "upgrade_settings": [
                  {
                    "max_surge": 1,
                    "max_unavailable": 0
                  }
                ],
                "version": "1.22.8-gke.201"
              }
            ],
            "node_version": "1.22.8-gke.201",
            "operation": null,
            "private_cluster_config": [],
            "private_ipv6_google_access": "",
            "project": "onprem-play",
            "release_channel": [
              {
                "channel": "REGULAR"
              }
            ],
            "remove_default_node_pool": true,
            "resource_labels": {},
            "resource_usage_export_config": [],
            "self_link": "https://container.googleapis.com/v1/projects/onprem-play/locations/europe-west2/clusters/arya-gke",
            "services_ipv4_cidr": "10.247.240.0/20",
            "subnetwork": "projects/onprem-play/regions/europe-west2/subnetworks/self-managed-subnet",
            "timeouts": null,
            "tpu_ipv4_cidr_block": "",
            "vertical_pod_autoscaling": [],
            "workload_identity_config": []
          },
          "sensitive_attributes": [],
          "private": "eyJlMmJmYjczMC1lY2FhLTExZTYtOGY4OC0zNDM2M2JjN2M0YzAiOnsiY3JlYXRlIjoyNDAwMDAwMDAwMDAwLCJkZWxldGUiOjI0MDAwMDAwMDAwMDAsInJlYWQiOjI0MDAwMDAwMDAwMDAsInVwZGF0ZSI6MzYwMDAwMDAwMDAwMH0sInNjaGVtYV92ZXJzaW9uIjoiMSJ9"
        }
      ]
    },
    {
      "mode": "managed",
      "type": "google_container_node_pool",
      "name": "primary_nodes",
      "provider": "provider[\"registry.terraform.io/hashicorp/google\"]",
      "instances": [
        {
          "schema_version": 1,
          "attributes": {
            "autoscaling": [
              {
                "max_node_count": 20,
                "min_node_count": 1
              }
            ],
            "cluster": "arya-gke",
            "id": "projects/onprem-play/locations/europe-west2/clusters/arya-gke/nodePools/arya-gke-node-pool",
            "initial_node_count": 1,
            "instance_group_urls": [
              "https://www.googleapis.com/compute/v1/projects/onprem-play/zones/europe-west2-b/instanceGroupManagers/gke-arya-gke-arya-gke-node-pool-f911caf6-grp",
              "https://www.googleapis.com/compute/v1/projects/onprem-play/zones/europe-west2-a/instanceGroupManagers/gke-arya-gke-arya-gke-node-pool-b5ff17c7-grp",
              "https://www.googleapis.com/compute/v1/projects/onprem-play/zones/europe-west2-c/instanceGroupManagers/gke-arya-gke-arya-gke-node-pool-a8b9d821-grp"
            ],
            "location": "europe-west2",
            "managed_instance_group_urls": [
              "https://www.googleapis.com/compute/v1/projects/onprem-play/zones/europe-west2-b/instanceGroups/gke-arya-gke-arya-gke-node-pool-f911caf6-grp",
              "https://www.googleapis.com/compute/v1/projects/onprem-play/zones/europe-west2-a/instanceGroups/gke-arya-gke-arya-gke-node-pool-b5ff17c7-grp",
              "https://www.googleapis.com/compute/v1/projects/onprem-play/zones/europe-west2-c/instanceGroups/gke-arya-gke-arya-gke-node-pool-a8b9d821-grp"
            ],
            "management": [
              {
                "auto_repair": true,
                "auto_upgrade": true
              }
            ],
            "max_pods_per_node": null,
            "name": "arya-gke-node-pool",
            "name_prefix": "",
            "node_config": [
              {
                "boot_disk_kms_key": "",
                "disk_size_gb": 100,
                "disk_type": "pd-standard",
                "gcfs_config": [],
                "guest_accelerator": [],
                "gvnic": [],
                "image_type": "COS_CONTAINERD",
                "labels": {
                  "env": "arya"
                },
                "local_ssd_count": 0,
                "machine_type": "n1-standard-4",
                "metadata": {
                  "disable-legacy-endpoints": "true"
                },
                "min_cpu_platform": "",
                "node_group": "",
                "oauth_scopes": [
                  "https://www.googleapis.com/auth/devstorage.read_only",
                  "https://www.googleapis.com/auth/logging.write",
                  "https://www.googleapis.com/auth/monitoring",
                  "https://www.googleapis.com/auth/service.management.readonly",
                  "https://www.googleapis.com/auth/servicecontrol",
                  "https://www.googleapis.com/auth/trace.append"
                ],
                "preemptible": true,
                "service_account": "default",
                "shielded_instance_config": [
                  {
                    "enable_integrity_monitoring": true,
                    "enable_secure_boot": false
                  }
                ],
                "tags": [
                  "self-managed-gke-node",
                  "arya-gke"
                ],
                "taint": [],
                "workload_metadata_config": []
              }
            ],
            "node_count": 1,
            "node_locations": [
              "europe-west2-a",
              "europe-west2-b",
              "europe-west2-c"
            ],
            "operation": null,
            "project": "onprem-play",
            "timeouts": null,
            "upgrade_settings": [
              {
                "max_surge": 1,
                "max_unavailable": 0
              }
            ],
            "version": "1.22.8-gke.201"
          },
          "sensitive_attributes": [],
          "private": "eyJlMmJmYjczMC1lY2FhLTExZTYtOGY4OC0zNDM2M2JjN2M0YzAiOnsiY3JlYXRlIjoxODAwMDAwMDAwMDAwLCJkZWxldGUiOjE4MDAwMDAwMDAwMDAsInVwZGF0ZSI6MTgwMDAwMDAwMDAwMH0sInNjaGVtYV92ZXJzaW9uIjoiMSJ9",
          "dependencies": [
            "google_container_cluster.primary"
          ]
        }
      ]
    }
  ]
}
