{
  "version": 4,
  "terraform_version": "1.1.9",
  "serial": 6,
  "lineage": "44f32bf7-4d72-533e-26f0-8e291c602ecc",
  "outputs": {
    "kubernetes_cluster_host": {
      "value": "35.246.47.61",
      "type": "string"
    },
    "kubernetes_cluster_name": {
      "value": "ronan-opa-gke",
      "type": "string"
    },
    "project_id": {
      "value": "onprem-play",
      "type": "string"
    },
    "region": {
      "value": "europe-west2",
      "type": "string"
    }
  },
  "resources": [
    {
      "mode": "managed",
      "type": "google_compute_address",
      "name": "external_ip",
      "provider": "provider[\"registry.terraform.io/hashicorp/google\"]",
      "instances": [
        {
          "schema_version": 0,
          "attributes": {
            "address": "35.189.65.205",
            "address_type": "EXTERNAL",
            "creation_timestamp": "2022-06-06T09:28:13.589-07:00",
            "description": "",
            "id": "projects/onprem-play/regions/europe-west2/addresses/ronan-opa-gke",
            "name": "ronan-opa-gke",
            "network": "",
            "network_tier": "PREMIUM",
            "prefix_length": 0,
            "project": "onprem-play",
            "purpose": "",
            "region": "europe-west2",
            "self_link": "https://www.googleapis.com/compute/v1/projects/onprem-play/regions/europe-west2/addresses/ronan-opa-gke",
            "subnetwork": "",
            "timeouts": null,
            "users": []
          },
          "sensitive_attributes": [],
          "private": "eyJlMmJmYjczMC1lY2FhLTExZTYtOGY4OC0zNDM2M2JjN2M0YzAiOnsiY3JlYXRlIjoxMjAwMDAwMDAwMDAwLCJkZWxldGUiOjEyMDAwMDAwMDAwMDB9fQ=="
        }
      ]
    },
    {
      "mode": "managed",
      "type": "google_compute_network",
      "name": "vpc",
      "provider": "provider[\"registry.terraform.io/hashicorp/google\"]",
      "instances": [
        {
          "schema_version": 0,
          "attributes": {
            "auto_create_subnetworks": false,
            "delete_default_routes_on_create": false,
            "description": "",
            "gateway_ipv4": "",
            "id": "projects/onprem-play/global/networks/ronan-opa-vpc",
            "mtu": 0,
            "name": "ronan-opa-vpc",
            "project": "onprem-play",
            "routing_mode": "REGIONAL",
            "self_link": "https://www.googleapis.com/compute/v1/projects/onprem-play/global/networks/ronan-opa-vpc",
            "timeouts": null
          },
          "sensitive_attributes": [],
          "private": "eyJlMmJmYjczMC1lY2FhLTExZTYtOGY4OC0zNDM2M2JjN2M0YzAiOnsiY3JlYXRlIjoxMjAwMDAwMDAwMDAwLCJkZWxldGUiOjEyMDAwMDAwMDAwMDAsInVwZGF0ZSI6MTIwMDAwMDAwMDAwMH19"
        }
      ]
    },
    {
      "mode": "managed",
      "type": "google_compute_subnetwork",
      "name": "subnet",
      "provider": "provider[\"registry.terraform.io/hashicorp/google\"]",
      "instances": [
        {
          "schema_version": 0,
          "attributes": {
            "creation_timestamp": "2022-06-06T09:28:36.313-07:00",
            "description": "",
            "external_ipv6_prefix": "",
            "fingerprint": null,
            "gateway_address": "10.10.0.1",
            "id": "projects/onprem-play/regions/europe-west2/subnetworks/ronan-opa-subnet",
            "ip_cidr_range": "10.10.0.0/24",
            "ipv6_access_type": "",
            "ipv6_cidr_range": "",
            "log_config": [],
            "name": "ronan-opa-subnet",
            "network": "https://www.googleapis.com/compute/v1/projects/onprem-play/global/networks/ronan-opa-vpc",
            "private_ip_google_access": false,
            "private_ipv6_google_access": "DISABLE_GOOGLE_ACCESS",
            "project": "onprem-play",
            "purpose": "PRIVATE",
            "region": "europe-west2",
            "role": "",
            "secondary_ip_range": [],
            "self_link": "https://www.googleapis.com/compute/v1/projects/onprem-play/regions/europe-west2/subnetworks/ronan-opa-subnet",
            "stack_type": "IPV4_ONLY",
            "timeouts": null
          },
          "sensitive_attributes": [],
          "private": "eyJlMmJmYjczMC1lY2FhLTExZTYtOGY4OC0zNDM2M2JjN2M0YzAiOnsiY3JlYXRlIjoxMjAwMDAwMDAwMDAwLCJkZWxldGUiOjEyMDAwMDAwMDAwMDAsInVwZGF0ZSI6MTIwMDAwMDAwMDAwMH19",
          "dependencies": [
            "google_compute_network.vpc"
          ]
        }
      ]
    },
    {
      "mode": "managed",
      "type": "google_container_cluster",
      "name": "primary",
      "provider": "provider[\"registry.terraform.io/hashicorp/google\"]",
      "instances": [
        {
          "schema_version": 1,
          "attributes": {
            "addons_config": [
              {
                "cloudrun_config": [],
                "gcp_filestore_csi_driver_config": [],
                "horizontal_pod_autoscaling": [],
                "http_load_balancing": [],
                "network_policy_config": [
                  {
                    "disabled": true
                  }
                ]
              }
            ],
            "authenticator_groups_config": [],
            "cluster_autoscaling": [
              {
                "auto_provisioning_defaults": [
                  {
                    "image_type": "COS_CONTAINERD",
                    "oauth_scopes": [
                      "https://www.googleapis.com/auth/logging.write",
                      "https://www.googleapis.com/auth/monitoring"
                    ],
                    "service_account": "default"
                  }
                ],
                "enabled": true,
                "resource_limits": [
                  {
                    "maximum": 240,
                    "minimum": 1,
                    "resource_type": "cpu"
                  },
                  {
                    "maximum": 480,
                    "minimum": 4,
                    "resource_type": "memory"
                  }
                ]
              }
            ],
            "cluster_ipv4_cidr": "10.144.0.0/14",
            "confidential_nodes": [],
            "database_encryption": [
              {
                "key_name": "",
                "state": "DECRYPTED"
              }
            ],
            "datapath_provider": "",
            "default_max_pods_per_node": null,
            "default_snat_status": [
              {
                "disabled": false
              }
            ],
            "description": "",
            "dns_config": [],
            "enable_autopilot": false,
            "enable_binary_authorization": false,
            "enable_intranode_visibility": false,
            "enable_kubernetes_alpha": false,
            "enable_legacy_abac": false,
            "enable_shielded_nodes": true,
            "enable_tpu": false,
            "endpoint": "35.246.47.61",
            "id": "projects/onprem-play/locations/europe-west2/clusters/ronan-opa-gke",
            "initial_node_count": 1,
            "ip_allocation_policy": [],
            "label_fingerprint": "a9dc16a7",
            "location": "europe-west2",
            "logging_config": [
              {
                "enable_components": [
                  "SYSTEM_COMPONENTS",
                  "WORKLOADS"
                ]
              }
            ],
            "logging_service": "logging.googleapis.com/kubernetes",
            "maintenance_policy": [],
            "master_auth": [
              {
                "client_certificate": "",
                "client_certificate_config": [
                  {
                    "issue_client_certificate": false
                  }
                ],
                "client_key": "",
                "cluster_ca_certificate": "LS0tLS1CRUdJTiBDRVJUSUZJQ0FURS0tLS0tCk1JSUVMRENDQXBTZ0F3SUJBZ0lRZVdTcDJ0WVFLUzNDc2JwWHRrcnBnakFOQmdrcWhraUc5dzBCQVFzRkFEQXYKTVMwd0t3WURWUVFERXlRMU9ETXhNRE5oTXkwMFl6UTNMVFJpWkRNdE9UTTVNUzB4WVRZMVpURTNNMk5rWW1NdwpJQmNOTWpJd05qQTJNVFV5T1RBeldoZ1BNakExTWpBMU1qa3hOakk1TUROYU1DOHhMVEFyQmdOVkJBTVRKRFU0Ck16RXdNMkV6TFRSak5EY3ROR0prTXkwNU16a3hMVEZoTmpWbE1UY3pZMlJpWXpDQ0FhSXdEUVlKS29aSWh2Y04KQVFFQkJRQURnZ0dQQURDQ0FZb0NnZ0dCQU1kcFMvZjhFcjZ0SCtTSzlDVUVZUlRjcU5XSURJS0phbG10am5qZQozMXliRnlsSXZkSzZMbDd4bERLdGpqR2ViWlhmL1BndlZRZlJJdndLSU1VdFRIdmlodFdkS3JUbitDcTAwN3Q0CnkzMFRnVGZTcjliNllSQ09DRElOTklmc3Q0TUVteDlPTzRrL2orL3QvSnNjUjVoUmNhN1hYeVVTMGYvVkpBOGEKUGg2dllFV2QwR3dlYzZ0QkxKK1lUejhkYlkrRU9MNkZxTHFLZi85RWJHQ244L0JEU1BoUUZ2RkZ4ajR2YTJ3ZQoxS21vYmdYbi9SMzlScWhWcWsvSzY4bjRxanpVMkNaMmdldy9vRWhaeDVHL2RoMFc4Z3Yzakh1NGJqU3V5T3BWClFHbWhXTklYTE9iYXRqeU1HTDFwRHJ6aEt0SDJzSlVQK2Q0dWwyMGtic1hNZlVEUE1RNTJnNWV4cW9PQ243MFMKb3g0WTRBL1pxNDB1T25yY1VLZDNEbnJIRVQrbzVLcktNVm5JNlNINWJCQm8rNkRqZUMwMk1uWDAzTDNSWDhWQgoyNytGSUpvRkRNTXRaMDV3cmphdHFYSnh5RStWcWE1MDEwZmx6YXBTQVJTSlE0dWVIVlFpUW45U2x3TGY2b3V4CmdvNDA0azdZRVNkdHJ5L2JjTTJTTFkzSkdRSURBUUFCbzBJd1FEQU9CZ05WSFE4QkFmOEVCQU1DQWdRd0R3WUQKVlIwVEFRSC9CQVV3QXdFQi96QWRCZ05WSFE0RUZnUVVjTTJEbGtuaDlPMnNFMGd0VzkvS0NWejhOYlF3RFFZSgpLb1pJaHZjTkFRRUxCUUFEZ2dHQkFLYnRDcEppRTA3ZTJxSnJvNTEwZVFwelkycUpuUVB4V3VPeG5PdWtKZWRKClpJNDF1aE13NWIwc1hHUzIvTE0zSWxxa0hGMlNFVGNJK3NndVF0OVg5Y1dmM2owNTMxSWJhYzVCRzdjcisyU00KTHVkZXMvUEZsdExpenEweHFJWEVENENwdngxV0MycTFLeFBEY0lDOTMybXMwWjNteTkvV2RodXo5emhBaDRKZQpTKyt5MzRuSzcrZnBydTk5K213S2x2L3NOZVI5TDFCNlJuQmhnbjVHdFNpZTFsNTF2VUFhT0YzdVF6Z3FJWk9PCnF1YkhtRXNVRWcyR0crRTF3bU00RVJ5NVhTRkVRdjZ5T0RaZWNEcWhoVWQrYm5vcFZ4SVdkbStmcUFhTVlsa2gKYzVWVUdEbE42aFdBYy80QjJLczd5NzJEeUIydU9JcThVUy9pK2daTG5DVDQ1cFRSRlQwTERjeEh2MEd5Y2JQZwpqWmNZWlQyemErTkpMWjllQWRxZ3pvTnhsd215T1MxTnU3VXh1RDNpc1lMR2VpNmRhQUt6N0liam4ydHR3dHRLCnlaeGNnYURHSU4rby9GZk9rVXRWRDhJbkVDY094VGp5ZVhBd1NiejVqeHhUT1d5ek91ZHNNeWVBZzduaGVheVgKSGVsaWcrRTFiWW1qUlpENHBRVmVIZz09Ci0tLS0tRU5EIENFUlRJRklDQVRFLS0tLS0K"
              }
            ],
            "master_authorized_networks_config": [],
            "master_version": "1.22.8-gke.201",
            "min_master_version": null,
            "monitoring_config": [
              {
                "enable_components": [
                  "SYSTEM_COMPONENTS"
                ]
              }
            ],
            "monitoring_service": "monitoring.googleapis.com/kubernetes",
            "name": "ronan-opa-gke",
            "network": "projects/onprem-play/global/networks/ronan-opa-vpc",
            "network_policy": [
              {
                "enabled": false,
                "provider": "PROVIDER_UNSPECIFIED"
              }
            ],
            "networking_mode": "ROUTES",
            "node_config": [
              {
                "boot_disk_kms_key": "",
                "disk_size_gb": 100,
                "disk_type": "pd-standard",
                "gcfs_config": [],
                "guest_accelerator": [],
                "gvnic": [],
                "image_type": "COS_CONTAINERD",
                "labels": {},
                "local_ssd_count": 0,
                "machine_type": "e2-highcpu-2",
                "metadata": {
                  "disable-legacy-endpoints": "true"
                },
                "min_cpu_platform": "",
                "node_group": "",
                "oauth_scopes": [
                  "https://www.googleapis.com/auth/logging.write",
                  "https://www.googleapis.com/auth/monitoring"
                ],
                "preemptible": false,
                "service_account": "default",
                "shielded_instance_config": [
                  {
                    "enable_integrity_monitoring": true,
                    "enable_secure_boot": false
                  }
                ],
                "tags": [],
                "taint": [],
                "workload_metadata_config": []
              }
            ],
            "node_locations": [
              "europe-west2-a",
              "europe-west2-b",
              "europe-west2-c"
            ],
            "node_pool": [
              {
                "autoscaling": [
                  {
                    "max_node_count": 1000,
                    "min_node_count": 0
                  }
                ],
                "initial_node_count": 0,
                "instance_group_urls": [
                  "https://www.googleapis.com/compute/v1/projects/onprem-play/zones/europe-west2-c/instanceGroupManagers/gke-ronan-opa-gke-nap-e2-highcpu-2-13-63d9a8ce-grp",
                  "https://www.googleapis.com/compute/v1/projects/onprem-play/zones/europe-west2-a/instanceGroupManagers/gke-ronan-opa-gke-nap-e2-highcpu-2-13-f8e5bfec-grp",
                  "https://www.googleapis.com/compute/v1/projects/onprem-play/zones/europe-west2-b/instanceGroupManagers/gke-ronan-opa-gke-nap-e2-highcpu-2-13-7ff4d357-grp"
                ],
                "managed_instance_group_urls": [
                  "https://www.googleapis.com/compute/v1/projects/onprem-play/zones/europe-west2-c/instanceGroups/gke-ronan-opa-gke-nap-e2-highcpu-2-13-63d9a8ce-grp",
                  "https://www.googleapis.com/compute/v1/projects/onprem-play/zones/europe-west2-a/instanceGroups/gke-ronan-opa-gke-nap-e2-highcpu-2-13-f8e5bfec-grp",
                  "https://www.googleapis.com/compute/v1/projects/onprem-play/zones/europe-west2-b/instanceGroups/gke-ronan-opa-gke-nap-e2-highcpu-2-13-7ff4d357-grp"
                ],
                "management": [
                  {
                    "auto_repair": true,
                    "auto_upgrade": true
                  }
                ],
                "max_pods_per_node": 0,
                "name": "nap-e2-highcpu-2-132ii2i9",
                "name_prefix": "",
                "node_config": [
                  {
                    "boot_disk_kms_key": "",
                    "disk_size_gb": 100,
                    "disk_type": "pd-standard",
                    "gcfs_config": [],
                    "guest_accelerator": [],
                    "gvnic": [],
                    "image_type": "COS_CONTAINERD",
                    "labels": {},
                    "local_ssd_count": 0,
                    "machine_type": "e2-highcpu-2",
                    "metadata": {
                      "disable-legacy-endpoints": "true"
                    },
                    "min_cpu_platform": "",
                    "node_group": "",
                    "oauth_scopes": [
                      "https://www.googleapis.com/auth/logging.write",
                      "https://www.googleapis.com/auth/monitoring"
                    ],
                    "preemptible": false,
                    "service_account": "default",
                    "shielded_instance_config": [
                      {
                        "enable_integrity_monitoring": true,
                        "enable_secure_boot": false
                      }
                    ],
                    "tags": [],
                    "taint": [],
                    "workload_metadata_config": []
                  }
                ],
                "node_count": 0,
                "node_locations": [
                  "europe-west2-a",
                  "europe-west2-b",
                  "europe-west2-c"
                ],
                "upgrade_settings": [
                  {
                    "max_surge": 1,
                    "max_unavailable": 0
                  }
                ],
                "version": "1.22.8-gke.201"
              }
            ],
            "node_version": "1.22.8-gke.201",
            "operation": null,
            "private_cluster_config": [],
            "private_ipv6_google_access": "",
            "project": "onprem-play",
            "release_channel": [
              {
                "channel": "REGULAR"
              }
            ],
            "remove_default_node_pool": true,
            "resource_labels": null,
            "resource_usage_export_config": [],
            "self_link": "https://container.googleapis.com/v1/projects/onprem-play/locations/europe-west2/clusters/ronan-opa-gke",
            "services_ipv4_cidr": "10.147.240.0/20",
            "subnetwork": "projects/onprem-play/regions/europe-west2/subnetworks/ronan-opa-subnet",
            "timeouts": null,
            "tpu_ipv4_cidr_block": "",
            "vertical_pod_autoscaling": [],
            "workload_identity_config": []
          },
          "sensitive_attributes": [],
          "private": "eyJlMmJmYjczMC1lY2FhLTExZTYtOGY4OC0zNDM2M2JjN2M0YzAiOnsiY3JlYXRlIjoyNDAwMDAwMDAwMDAwLCJkZWxldGUiOjI0MDAwMDAwMDAwMDAsInJlYWQiOjI0MDAwMDAwMDAwMDAsInVwZGF0ZSI6MzYwMDAwMDAwMDAwMH0sInNjaGVtYV92ZXJzaW9uIjoiMSJ9",
          "dependencies": [
            "google_compute_network.vpc",
            "google_compute_subnetwork.subnet"
          ]
        }
      ]
    },
    {
      "mode": "managed",
      "type": "google_container_node_pool",
      "name": "primary_nodes",
      "provider": "provider[\"registry.terraform.io/hashicorp/google\"]",
      "instances": [
        {
          "schema_version": 1,
          "attributes": {
            "autoscaling": [
              {
                "max_node_count": 20,
                "min_node_count": 1
              }
            ],
            "cluster": "ronan-opa-gke",
            "id": "projects/onprem-play/locations/europe-west2/clusters/ronan-opa-gke/nodePools/ronan-opa-gke-node-pool",
            "initial_node_count": 1,
            "instance_group_urls": [
              "https://www.googleapis.com/compute/v1/projects/onprem-play/zones/europe-west2-c/instanceGroupManagers/gke-ronan-opa-gke-ronan-opa-gke-node--b0cd4afd-grp",
              "https://www.googleapis.com/compute/v1/projects/onprem-play/zones/europe-west2-a/instanceGroupManagers/gke-ronan-opa-gke-ronan-opa-gke-node--01133b4a-grp",
              "https://www.googleapis.com/compute/v1/projects/onprem-play/zones/europe-west2-b/instanceGroupManagers/gke-ronan-opa-gke-ronan-opa-gke-node--9f8cc51e-grp"
            ],
            "location": "europe-west2",
            "managed_instance_group_urls": [
              "https://www.googleapis.com/compute/v1/projects/onprem-play/zones/europe-west2-c/instanceGroups/gke-ronan-opa-gke-ronan-opa-gke-node--b0cd4afd-grp",
              "https://www.googleapis.com/compute/v1/projects/onprem-play/zones/europe-west2-a/instanceGroups/gke-ronan-opa-gke-ronan-opa-gke-node--01133b4a-grp",
              "https://www.googleapis.com/compute/v1/projects/onprem-play/zones/europe-west2-b/instanceGroups/gke-ronan-opa-gke-ronan-opa-gke-node--9f8cc51e-grp"
            ],
            "management": [
              {
                "auto_repair": true,
                "auto_upgrade": true
              }
            ],
            "max_pods_per_node": null,
            "name": "ronan-opa-gke-node-pool",
            "name_prefix": "",
            "node_config": [
              {
                "boot_disk_kms_key": "",
                "disk_size_gb": 100,
                "disk_type": "pd-standard",
                "gcfs_config": [],
                "guest_accelerator": [],
                "gvnic": [],
                "image_type": "COS_CONTAINERD",
                "labels": {
                  "env": "ronan-opa"
                },
                "local_ssd_count": 0,
                "machine_type": "n1-standard-4",
                "metadata": {
                  "disable-legacy-endpoints": "true"
                },
                "min_cpu_platform": "",
                "node_group": "",
                "oauth_scopes": [
                  "https://www.googleapis.com/auth/devstorage.read_only",
                  "https://www.googleapis.com/auth/logging.write",
                  "https://www.googleapis.com/auth/monitoring",
                  "https://www.googleapis.com/auth/service.management.readonly",
                  "https://www.googleapis.com/auth/servicecontrol",
                  "https://www.googleapis.com/auth/trace.append"
                ],
                "preemptible": false,
                "service_account": "default",
                "shielded_instance_config": [
                  {
                    "enable_integrity_monitoring": true,
                    "enable_secure_boot": false
                  }
                ],
                "tags": [
                  "gke-node",
                  "ronan-opa-gke"
                ],
                "taint": [],
                "workload_metadata_config": []
              }
            ],
            "node_count": 1,
            "node_locations": [
              "europe-west2-a",
              "europe-west2-b",
              "europe-west2-c"
            ],
            "operation": null,
            "project": "onprem-play",
            "timeouts": null,
            "upgrade_settings": [
              {
                "max_surge": 1,
                "max_unavailable": 0
              }
            ],
            "version": "1.22.8-gke.201"
          },
          "sensitive_attributes": [],
          "private": "eyJlMmJmYjczMC1lY2FhLTExZTYtOGY4OC0zNDM2M2JjN2M0YzAiOnsiY3JlYXRlIjoxODAwMDAwMDAwMDAwLCJkZWxldGUiOjE4MDAwMDAwMDAwMDAsInVwZGF0ZSI6MTgwMDAwMDAwMDAwMH0sInNjaGVtYV92ZXJzaW9uIjoiMSJ9",
          "dependencies": [
            "google_compute_network.vpc",
            "google_compute_subnetwork.subnet",
            "google_container_cluster.primary"
          ]
        }
      ]
    }
  ]
}
