{
  "version": 4,
  "terraform_version": "1.1.9",
  "serial": 7,
  "lineage": "2c47f126-c472-c340-6453-c94b07213441",
  "outputs": {
    "kubernetes_cluster_host": {
      "value": "34.105.172.109",
      "type": "string"
    },
    "kubernetes_cluster_name": {
      "value": "bigbang-gke",
      "type": "string"
    },
    "project_id": {
      "value": "onprem-play",
      "type": "string"
    },
    "region": {
      "value": "europe-west2",
      "type": "string"
    }
  },
  "resources": [
    {
      "mode": "managed",
      "type": "google_compute_address",
      "name": "external_ip",
      "provider": "provider[\"registry.terraform.io/hashicorp/google\"]",
      "instances": [
        {
          "schema_version": 0,
          "attributes": {
            "address": "35.242.155.2",
            "address_type": "EXTERNAL",
            "creation_timestamp": "2022-06-07T03:24:53.166-07:00",
            "description": "",
            "id": "projects/onprem-play/regions/europe-west2/addresses/bigbang-gke",
            "name": "bigbang-gke",
            "network": "",
            "network_tier": "PREMIUM",
            "prefix_length": 0,
            "project": "onprem-play",
            "purpose": "",
            "region": "europe-west2",
            "self_link": "https://www.googleapis.com/compute/v1/projects/onprem-play/regions/europe-west2/addresses/bigbang-gke",
            "subnetwork": "",
            "timeouts": null,
            "users": []
          },
          "sensitive_attributes": [],
          "private": "eyJlMmJmYjczMC1lY2FhLTExZTYtOGY4OC0zNDM2M2JjN2M0YzAiOnsiY3JlYXRlIjoxMjAwMDAwMDAwMDAwLCJkZWxldGUiOjEyMDAwMDAwMDAwMDB9fQ=="
        }
      ]
    },
    {
      "mode": "managed",
      "type": "google_container_cluster",
      "name": "primary",
      "provider": "provider[\"registry.terraform.io/hashicorp/google\"]",
      "instances": [
        {
          "schema_version": 1,
          "attributes": {
            "addons_config": [
              {
                "cloudrun_config": [],
                "gcp_filestore_csi_driver_config": [],
                "horizontal_pod_autoscaling": [],
                "http_load_balancing": [],
                "network_policy_config": [
                  {
                    "disabled": true
                  }
                ]
              }
            ],
            "authenticator_groups_config": [],
            "cluster_autoscaling": [
              {
                "auto_provisioning_defaults": [
                  {
                    "image_type": "COS_CONTAINERD",
                    "oauth_scopes": [
                      "https://www.googleapis.com/auth/logging.write",
                      "https://www.googleapis.com/auth/monitoring"
                    ],
                    "service_account": "default"
                  }
                ],
                "enabled": true,
                "resource_limits": [
                  {
                    "maximum": 240,
                    "minimum": 1,
                    "resource_type": "cpu"
                  },
                  {
                    "maximum": 480,
                    "minimum": 1,
                    "resource_type": "memory"
                  }
                ]
              }
            ],
            "cluster_ipv4_cidr": "10.188.0.0/14",
            "confidential_nodes": [],
            "database_encryption": [
              {
                "key_name": "",
                "state": "DECRYPTED"
              }
            ],
            "datapath_provider": "",
            "default_max_pods_per_node": null,
            "default_snat_status": [
              {
                "disabled": false
              }
            ],
            "description": "",
            "dns_config": [],
            "enable_autopilot": false,
            "enable_binary_authorization": false,
            "enable_intranode_visibility": false,
            "enable_kubernetes_alpha": false,
            "enable_legacy_abac": false,
            "enable_shielded_nodes": true,
            "enable_tpu": false,
            "endpoint": "34.105.172.109",
            "id": "projects/onprem-play/locations/europe-west2/clusters/bigbang-gke",
            "initial_node_count": 1,
            "ip_allocation_policy": [],
            "label_fingerprint": "a9dc16a7",
            "location": "europe-west2",
            "logging_config": [
              {
                "enable_components": [
                  "SYSTEM_COMPONENTS",
                  "WORKLOADS"
                ]
              }
            ],
            "logging_service": "logging.googleapis.com/kubernetes",
            "maintenance_policy": [],
            "master_auth": [
              {
                "client_certificate": "",
                "client_certificate_config": [
                  {
                    "issue_client_certificate": false
                  }
                ],
                "client_key": "",
                "cluster_ca_certificate": "LS0tLS1CRUdJTiBDRVJUSUZJQ0FURS0tLS0tCk1JSUVMRENDQXBTZ0F3SUJBZ0lRYzErVUQ4SDVrUGFLYnBhN0Q1RzBaREFOQmdrcWhraUc5dzBCQVFzRkFEQXYKTVMwd0t3WURWUVFERXlRM05XUmpZalZqTUMwd016ZGpMVFE0TkRRdE9HRmpOaTFtTkRVeU5HRmhObU5tTXpJdwpJQmNOTWpJd05qQTNNRGt5TkRVeldoZ1BNakExTWpBMU16QXhNREkwTlROYU1DOHhMVEFyQmdOVkJBTVRKRGMxClpHTmlOV013TFRBek4yTXRORGcwTkMwNFlXTTJMV1kwTlRJMFlXRTJZMll6TWpDQ0FhSXdEUVlKS29aSWh2Y04KQVFFQkJRQURnZ0dQQURDQ0FZb0NnZ0dCQUtaU1Y1bFpqTmpNTFhGdDNOc1JSMmxqMFAwd2ZBYmYzZStXWlQ5QgpEcWZLS2t6eERlaU1lcXphd2pzTE96TDcrbDAxUUZqckNneDlRNUkzN0E4d2p4R01HYnpMVWZnSGlwSlZRUHFDClBwV2NocUNCYXdjRkxydFM0SEFXUlJIRnBXQzVyc2tsdjZrVU1YVjVoeGg5anFaSzRnbWU5VUZZdGlZSjZpTkwKZzc5VDk5Q0ZXRGpkT2YzaWNIUDdYTktJdmVkMWFYdFRObm5vR3NGRDFBLzJwbXlCWFZ3SWZIYnp5SXBJRElNZApCV25uRGJJUEpsRzdXdi9nNWZ2elRweVArVnh1eUhJaUtKNnVPdVBOdGoweCt4bnZWVlpvMDZEeWtHcm00SS9FClh6OWhGNnQrQ2FpK09tWHZaQUM5T3pyUlo1M09ValpBaXhBRm1KNEMya1RlR3ppWHk5eElhT0ZmVWdPRjhrNGIKRXh0S3N6cC9WL0FsaTh3TFNwZFAvVm5DRytEWmQvQVdhajRiVE4yQ2JHRVYxa3AxRE15WEh3K2YydUpuZE9yZgpYTjNqcVp2cVBzMzhrMWFadkxqNEF5bGVFV2VQZEtHcVI0U1pCbWVhVnRCTTB6QXlFM2dhQWFiY2FsS2RBN3VrCnkyb2tzVi9ucGt5MmY1Wlh1NEtXNFlyWHV3SURBUUFCbzBJd1FEQU9CZ05WSFE4QkFmOEVCQU1DQWdRd0R3WUQKVlIwVEFRSC9CQVV3QXdFQi96QWRCZ05WSFE0RUZnUVVpWm5RbjAxbmIzVEF6Skc2REpBYXVnQTM1cGt3RFFZSgpLb1pJaHZjTkFRRUxCUUFEZ2dHQkFCM0lRYWFnZEVjMk9QczhUbXN1MmpVektrWWltbFBCdVRqUzZ4OThqSkN2ClBpSGJubGNuTytoV0VUYmlVK0thV2Jma2VzSHNJL2RRa1NSWW5XUzBmNzFwRG92SzdJTHduNXFJNU01a2pZNVAKYWRIUTFncWpnOHlKdDVGeDlZNGVabExydkE4U1JDVzVZWHV3MmRLblFKa1FMN1pzWnNwZ0RJMGo3TFVOaHduRApwa3lxejRreGdFL2xQSHN5RURJd3hEQVBMTS9FajJYWDBXMUhXcWVaeFJLMXNzT1JONGtXWDF5Qk5WMW50VWUrCkxIdnBJZ0tuenZlSzZoMEMyNHUvN1pkbWZNejRPaUpjbUwvbURQbTQ2YXpXMGN0SnJLcmRyRnM3UHp2bkllSnEKdDhodFRnd01pQXZuL2g4WnlFUkZmTVE4ZGlQVmo5MHQ2WkZYSU04OWpOMklXd2NXMExpRGdDd2RqYzh3QmNwTgpIZWFvYkJHcGlVQW9Bd2tBbW10S1ZyN1BjMUhGQW82Y3M5VjB4TGVZeVd5MEttUjhMdUcxMlZKcXJzZVNFQWYvCmx1WkhxcTlxeXlBaWlSSEFWZjRIV292Z1p0T0ZvcHZUQ0VjRnJoZFpQeHpqSU1kYXh0emFtN2JwUG84b1g0bUgKaytJT1NVaitUOWZkNHZiU2w2cVVlUT09Ci0tLS0tRU5EIENFUlRJRklDQVRFLS0tLS0K"
              }
            ],
            "master_authorized_networks_config": [],
            "master_version": "1.22.8-gke.201",
            "min_master_version": null,
            "monitoring_config": [
              {
                "enable_components": [
                  "SYSTEM_COMPONENTS"
                ]
              }
            ],
            "monitoring_service": "monitoring.googleapis.com/kubernetes",
            "name": "bigbang-gke",
            "network": "projects/onprem-play/global/networks/self-managed-vpc",
            "network_policy": [
              {
                "enabled": false,
                "provider": "PROVIDER_UNSPECIFIED"
              }
            ],
            "networking_mode": "ROUTES",
            "node_config": [
              {
                "boot_disk_kms_key": "",
                "disk_size_gb": 100,
                "disk_type": "pd-standard",
                "gcfs_config": [],
                "guest_accelerator": [],
                "gvnic": [],
                "image_type": "COS_CONTAINERD",
                "labels": {
                  "env": "bigbang"
                },
                "local_ssd_count": 0,
                "machine_type": "n1-standard-4",
                "metadata": {
                  "disable-legacy-endpoints": "true"
                },
                "min_cpu_platform": "",
                "node_group": "",
                "oauth_scopes": [
                  "https://www.googleapis.com/auth/devstorage.read_only",
                  "https://www.googleapis.com/auth/logging.write",
                  "https://www.googleapis.com/auth/monitoring",
                  "https://www.googleapis.com/auth/service.management.readonly",
                  "https://www.googleapis.com/auth/servicecontrol",
                  "https://www.googleapis.com/auth/trace.append"
                ],
                "preemptible": false,
                "service_account": "default",
                "shielded_instance_config": [
                  {
                    "enable_integrity_monitoring": true,
                    "enable_secure_boot": false
                  }
                ],
                "tags": [
                  "self-managed-gke-node",
                  "bigbang-gke"
                ],
                "taint": [],
                "workload_metadata_config": []
              }
            ],
            "node_locations": [
              "europe-west2-a",
              "europe-west2-b",
              "europe-west2-c"
            ],
            "node_pool": [
              {
                "autoscaling": [
                  {
                    "max_node_count": 20,
                    "min_node_count": 1
                  }
                ],
                "initial_node_count": 1,
                "instance_group_urls": [
                  "https://www.googleapis.com/compute/v1/projects/onprem-play/zones/europe-west2-c/instanceGroupManagers/gke-bigbang-gke-bigbang-gke-node-pool-7753d97d-grp",
                  "https://www.googleapis.com/compute/v1/projects/onprem-play/zones/europe-west2-a/instanceGroupManagers/gke-bigbang-gke-bigbang-gke-node-pool-d177a660-grp",
                  "https://www.googleapis.com/compute/v1/projects/onprem-play/zones/europe-west2-b/instanceGroupManagers/gke-bigbang-gke-bigbang-gke-node-pool-ea3b3f02-grp"
                ],
                "managed_instance_group_urls": [
                  "https://www.googleapis.com/compute/v1/projects/onprem-play/zones/europe-west2-c/instanceGroups/gke-bigbang-gke-bigbang-gke-node-pool-7753d97d-grp",
                  "https://www.googleapis.com/compute/v1/projects/onprem-play/zones/europe-west2-a/instanceGroups/gke-bigbang-gke-bigbang-gke-node-pool-d177a660-grp",
                  "https://www.googleapis.com/compute/v1/projects/onprem-play/zones/europe-west2-b/instanceGroups/gke-bigbang-gke-bigbang-gke-node-pool-ea3b3f02-grp"
                ],
                "management": [
                  {
                    "auto_repair": true,
                    "auto_upgrade": true
                  }
                ],
                "max_pods_per_node": 0,
                "name": "bigbang-gke-node-pool",
                "name_prefix": "",
                "node_config": [
                  {
                    "boot_disk_kms_key": "",
                    "disk_size_gb": 100,
                    "disk_type": "pd-standard",
                    "gcfs_config": [],
                    "guest_accelerator": [],
                    "gvnic": [],
                    "image_type": "COS_CONTAINERD",
                    "labels": {
                      "env": "bigbang"
                    },
                    "local_ssd_count": 0,
                    "machine_type": "n1-standard-4",
                    "metadata": {
                      "disable-legacy-endpoints": "true"
                    },
                    "min_cpu_platform": "",
                    "node_group": "",
                    "oauth_scopes": [
                      "https://www.googleapis.com/auth/devstorage.read_only",
                      "https://www.googleapis.com/auth/logging.write",
                      "https://www.googleapis.com/auth/monitoring",
                      "https://www.googleapis.com/auth/service.management.readonly",
                      "https://www.googleapis.com/auth/servicecontrol",
                      "https://www.googleapis.com/auth/trace.append"
                    ],
                    "preemptible": false,
                    "service_account": "default",
                    "shielded_instance_config": [
                      {
                        "enable_integrity_monitoring": true,
                        "enable_secure_boot": false
                      }
                    ],
                    "tags": [
                      "self-managed-gke-node",
                      "bigbang-gke"
                    ],
                    "taint": [],
                    "workload_metadata_config": []
                  }
                ],
                "node_count": 1,
                "node_locations": [
                  "europe-west2-a",
                  "europe-west2-b",
                  "europe-west2-c"
                ],
                "upgrade_settings": [
                  {
                    "max_surge": 1,
                    "max_unavailable": 0
                  }
                ],
                "version": "1.22.8-gke.201"
              }
            ],
            "node_version": "1.22.8-gke.201",
            "operation": null,
            "private_cluster_config": [],
            "private_ipv6_google_access": "",
            "project": "onprem-play",
            "release_channel": [
              {
                "channel": "REGULAR"
              }
            ],
            "remove_default_node_pool": true,
            "resource_labels": {},
            "resource_usage_export_config": [],
            "self_link": "https://container.googleapis.com/v1/projects/onprem-play/locations/europe-west2/clusters/bigbang-gke",
            "services_ipv4_cidr": "10.191.240.0/20",
            "subnetwork": "projects/onprem-play/regions/europe-west2/subnetworks/self-managed-subnet",
            "timeouts": null,
            "tpu_ipv4_cidr_block": "",
            "vertical_pod_autoscaling": [],
            "workload_identity_config": []
          },
          "sensitive_attributes": [],
          "private": "eyJlMmJmYjczMC1lY2FhLTExZTYtOGY4OC0zNDM2M2JjN2M0YzAiOnsiY3JlYXRlIjoyNDAwMDAwMDAwMDAwLCJkZWxldGUiOjI0MDAwMDAwMDAwMDAsInJlYWQiOjI0MDAwMDAwMDAwMDAsInVwZGF0ZSI6MzYwMDAwMDAwMDAwMH0sInNjaGVtYV92ZXJzaW9uIjoiMSJ9"
        }
      ]
    },
    {
      "mode": "managed",
      "type": "google_container_node_pool",
      "name": "primary_nodes",
      "provider": "provider[\"registry.terraform.io/hashicorp/google\"]",
      "instances": [
        {
          "schema_version": 1,
          "attributes": {
            "autoscaling": [
              {
                "max_node_count": 20,
                "min_node_count": 1
              }
            ],
            "cluster": "bigbang-gke",
            "id": "projects/onprem-play/locations/europe-west2/clusters/bigbang-gke/nodePools/bigbang-gke-node-pool",
            "initial_node_count": 1,
            "instance_group_urls": [
              "https://www.googleapis.com/compute/v1/projects/onprem-play/zones/europe-west2-c/instanceGroupManagers/gke-bigbang-gke-bigbang-gke-node-pool-f73c42a6-grp",
              "https://www.googleapis.com/compute/v1/projects/onprem-play/zones/europe-west2-a/instanceGroupManagers/gke-bigbang-gke-bigbang-gke-node-pool-d1d7ff52-grp",
              "https://www.googleapis.com/compute/v1/projects/onprem-play/zones/europe-west2-b/instanceGroupManagers/gke-bigbang-gke-bigbang-gke-node-pool-2cd68cb5-grp"
            ],
            "location": "europe-west2",
            "managed_instance_group_urls": [
              "https://www.googleapis.com/compute/v1/projects/onprem-play/zones/europe-west2-c/instanceGroups/gke-bigbang-gke-bigbang-gke-node-pool-f73c42a6-grp",
              "https://www.googleapis.com/compute/v1/projects/onprem-play/zones/europe-west2-a/instanceGroups/gke-bigbang-gke-bigbang-gke-node-pool-d1d7ff52-grp",
              "https://www.googleapis.com/compute/v1/projects/onprem-play/zones/europe-west2-b/instanceGroups/gke-bigbang-gke-bigbang-gke-node-pool-2cd68cb5-grp"
            ],
            "management": [
              {
                "auto_repair": true,
                "auto_upgrade": true
              }
            ],
            "max_pods_per_node": null,
            "name": "bigbang-gke-node-pool",
            "name_prefix": "",
            "node_config": [
              {
                "boot_disk_kms_key": "",
                "disk_size_gb": 100,
                "disk_type": "pd-standard",
                "gcfs_config": [],
                "guest_accelerator": [],
                "gvnic": [],
                "image_type": "COS_CONTAINERD",
                "labels": {
                  "env": "bigbang"
                },
                "local_ssd_count": 0,
                "machine_type": "n1-standard-4",
                "metadata": {
                  "disable-legacy-endpoints": "true"
                },
                "min_cpu_platform": "",
                "node_group": "",
                "oauth_scopes": [
                  "https://www.googleapis.com/auth/devstorage.read_only",
                  "https://www.googleapis.com/auth/logging.write",
                  "https://www.googleapis.com/auth/monitoring",
                  "https://www.googleapis.com/auth/service.management.readonly",
                  "https://www.googleapis.com/auth/servicecontrol",
                  "https://www.googleapis.com/auth/trace.append"
                ],
                "preemptible": true,
                "service_account": "default",
                "shielded_instance_config": [
                  {
                    "enable_integrity_monitoring": true,
                    "enable_secure_boot": false
                  }
                ],
                "tags": [
                  "self-managed-gke-node",
                  "bigbang-gke"
                ],
                "taint": [],
                "workload_metadata_config": []
              }
            ],
            "node_count": 1,
            "node_locations": [
              "europe-west2-a",
              "europe-west2-b",
              "europe-west2-c"
            ],
            "operation": null,
            "project": "onprem-play",
            "timeouts": null,
            "upgrade_settings": [
              {
                "max_surge": 1,
                "max_unavailable": 0
              }
            ],
            "version": "1.22.8-gke.201"
          },
          "sensitive_attributes": [],
          "private": "eyJlMmJmYjczMC1lY2FhLTExZTYtOGY4OC0zNDM2M2JjN2M0YzAiOnsiY3JlYXRlIjoxODAwMDAwMDAwMDAwLCJkZWxldGUiOjE4MDAwMDAwMDAwMDAsInVwZGF0ZSI6MTgwMDAwMDAwMDAwMH0sInNjaGVtYV92ZXJzaW9uIjoiMSJ9",
          "dependencies": [
            "google_container_cluster.primary"
          ]
        }
      ]
    }
  ]
}
